
Microsoft Visual Studio Solution File, Format Version 12.00
# Visual Studio Version 16
VisualStudioVersion = 16.0.31702.278
MinimumVisualStudioVersion = 10.0.40219.1
Project("{8BC9CEB8-8B4A-11D0-8D11-00A0C91BC942}") = "LaunchInstaller", "LaunchInstaller.vcxproj", "{8BF9A634-D043-4D40-AADC-0752DD634E20}"
EndProject
Global
	GlobalSection(SolutionConfigurationPlatforms) = preSolution
		Debug|ARM64 = Debug|ARM64
		Debug|x64 = Debug|x64
		Debug|x86 = Debug|x86
		Release|ARM64 = Release|ARM64
		Release|x64 = Release|x64
		Release|x86 = Release|x86
	EndGlobalSection
	GlobalSection(ProjectConfigurationPlatforms) = postSolution
		{8BF9A634-D043-4D40-AADC-0752DD634E20}.Debug|ARM64.ActiveCfg = Debug|ARM64
		{8BF9A634-D043-4D40-AADC-0752DD634E20}.Debug|ARM64.Build.0 = Debug|ARM64
		{8BF9A634-D043-4D40-AADC-0752DD634E20}.Debug|x64.ActiveCfg = Debug|x64
		{8BF9A634-D043-4D40-AADC-0752DD634E20}.Debug|x64.Build.0 = Debug|x64
		{8BF9A634-D043-4D40-AADC-0752DD634E20}.Debug|x86.ActiveCfg = Debug|Win32
		{8BF9A634-D043-4D40-AADC-0752DD634E20}.Debug|x86.Build.0 = Debug|Win32
		{8BF9A634-D043-4D40-AADC-0752DD634E20}.Release|ARM64.ActiveCfg = Release|ARM64
		{8BF9A634-D043-4D40-AADC-0752DD634E20}.Release|ARM64.Build.0 = Release|ARM64
		{8BF9A634-D043-4D40-AADC-0752DD634E20}.Release|x64.ActiveCfg = Release|x64
		{8BF9A634-D043-4D40-AADC-0752DD634E20}.Release|x64.Build.0 = Release|x64
		{8BF9A634-D043-4D40-AADC-0752DD634E20}.Release|x86.ActiveCfg = Release|Win32
		{8BF9A634-D043-4D40-AADC-0752DD634E20}.Release|x86.Build.0 = Release|Win32
	EndGlobalSection
	GlobalSection(SolutionProperties) = preSolution
		HideSolutionNode = FALSE
	EndGlobalSection
	GlobalSection(ExtensibilityGlobals) = postSolution
		SolutionGuid = {3458DA18-5D03-40E7-B22E-167011B3B54C}
	EndGlobalSection
EndGlobal
