
Microsoft Visual Studio Solution File, Format Version 12.00
# Visual Studio Version 16
VisualStudioVersion = 16.0.31613.86
MinimumVisualStudioVersion = 10.0.40219.1
Project("{C7167F0D-BC9F-4E6E-AFE1-012C56B48DB5}") = "Animate_Current_By_Value (Package)", "Animate_Current_By_Value (Package)\Animate_Current_By_Value (Package).wapproj", "{E57892EE-D87A-4DCF-9AA5-F7D2555B3D1A}"
EndProject
Project("{FAE04EC0-301F-11D3-BF4B-00C04F79EFBC}") = "Animate_Current_By_Value", "Animate_Current_By_Value\Animate_Current_By_Value.csproj", "{9F113920-E701-4402-926A-11F66AA46BD2}"
EndProject
Project("{C7167F0D-BC9F-4E6E-AFE1-012C56B48DB5}") = "Animate_From_Current_Value (Package)", "Animate_From_Current_Value (Package)\Animate_From_Current_Value (Package).wapproj", "{580A3BF9-7E49-4A08-ACCC-97633AABF93D}"
EndProject
Project("{FAE04EC0-301F-11D3-BF4B-00C04F79EFBC}") = "Animate_From_Current_Value", "Animate_From_Current_Value\Animate_From_Current_Value.csproj", "{2A2FC32E-DF57-4AB9-B118-DC021B8CA86A}"
EndProject
Project("{C7167F0D-BC9F-4E6E-AFE1-012C56B48DB5}") = "Expression_Property_Reference (Package)", "Expression_Property_Reference (Package)\Expression_Property_Reference (Package).wapproj", "{707EF280-7237-4622-A2C6-3FFD2FDC2A03}"
EndProject
Project("{FAE04EC0-301F-11D3-BF4B-00C04F79EFBC}") = "Expression_Property_Reference", "Expression_Property_Reference\Expression_Property_Reference.csproj", "{0B81C633-3FEC-42F2-8969-20EC41545CE4}"
EndProject
Project("{C7167F0D-BC9F-4E6E-AFE1-012C56B48DB5}") = "Parallax_Expression (Package)", "Parallax_Expression (Package)\Parallax_Expression (Package).wapproj", "{90037604-6833-4867-BAFE-03E76BF510A6}"
EndProject
Project("{FAE04EC0-301F-11D3-BF4B-00C04F79EFBC}") = "Parallax_Expression", "Parallax_Expression\Parallax_Expression.csproj", "{DA69D114-2560-45E8-93DD-02E53BBFEF0A}"
EndProject
Global
	GlobalSection(SolutionConfigurationPlatforms) = preSolution
		Debug|arm64 = Debug|arm64
		Debug|x64 = Debug|x64
		Debug|x86 = Debug|x86
		Release|arm64 = Release|arm64
		Release|x64 = Release|x64
		Release|x86 = Release|x86
	EndGlobalSection
	GlobalSection(ProjectConfigurationPlatforms) = postSolution
		{E57892EE-D87A-4DCF-9AA5-F7D2555B3D1A}.Debug|arm64.ActiveCfg = Debug|arm64
		{E57892EE-D87A-4DCF-9AA5-F7D2555B3D1A}.Debug|arm64.Build.0 = Debug|arm64
		{E57892EE-D87A-4DCF-9AA5-F7D2555B3D1A}.Debug|arm64.Deploy.0 = Debug|arm64
		{E57892EE-D87A-4DCF-9AA5-F7D2555B3D1A}.Debug|x64.ActiveCfg = Debug|x64
		{E57892EE-D87A-4DCF-9AA5-F7D2555B3D1A}.Debug|x64.Build.0 = Debug|x64
		{E57892EE-D87A-4DCF-9AA5-F7D2555B3D1A}.Debug|x64.Deploy.0 = Debug|x64
		{E57892EE-D87A-4DCF-9AA5-F7D2555B3D1A}.Debug|x86.ActiveCfg = Debug|x86
		{E57892EE-D87A-4DCF-9AA5-F7D2555B3D1A}.Debug|x86.Build.0 = Debug|x86
		{E57892EE-D87A-4DCF-9AA5-F7D2555B3D1A}.Debug|x86.Deploy.0 = Debug|x86
		{E57892EE-D87A-4DCF-9AA5-F7D2555B3D1A}.Release|arm64.ActiveCfg = Release|arm64
		{E57892EE-D87A-4DCF-9AA5-F7D2555B3D1A}.Release|arm64.Build.0 = Release|arm64
		{E57892EE-D87A-4DCF-9AA5-F7D2555B3D1A}.Release|arm64.Deploy.0 = Release|arm64
		{E57892EE-D87A-4DCF-9AA5-F7D2555B3D1A}.Release|x64.ActiveCfg = Release|x64
		{E57892EE-D87A-4DCF-9AA5-F7D2555B3D1A}.Release|x64.Build.0 = Release|x64
		{E57892EE-D87A-4DCF-9AA5-F7D2555B3D1A}.Release|x64.Deploy.0 = Release|x64
		{E57892EE-D87A-4DCF-9AA5-F7D2555B3D1A}.Release|x86.ActiveCfg = Release|x86
		{E57892EE-D87A-4DCF-9AA5-F7D2555B3D1A}.Release|x86.Build.0 = Release|x86
		{E57892EE-D87A-4DCF-9AA5-F7D2555B3D1A}.Release|x86.Deploy.0 = Release|x86
		{9F113920-E701-4402-926A-11F66AA46BD2}.Debug|arm64.ActiveCfg = Debug|arm64
		{9F113920-E701-4402-926A-11F66AA46BD2}.Debug|arm64.Build.0 = Debug|arm64
		{9F113920-E701-4402-926A-11F66AA46BD2}.Debug|x64.ActiveCfg = Debug|x64
		{9F113920-E701-4402-926A-11F66AA46BD2}.Debug|x64.Build.0 = Debug|x64
		{9F113920-E701-4402-926A-11F66AA46BD2}.Debug|x86.ActiveCfg = Debug|x86
		{9F113920-E701-4402-926A-11F66AA46BD2}.Debug|x86.Build.0 = Debug|x86
		{9F113920-E701-4402-926A-11F66AA46BD2}.Release|arm64.ActiveCfg = Release|arm64
		{9F113920-E701-4402-926A-11F66AA46BD2}.Release|arm64.Build.0 = Release|arm64
		{9F113920-E701-4402-926A-11F66AA46BD2}.Release|x64.ActiveCfg = Release|x64
		{9F113920-E701-4402-926A-11F66AA46BD2}.Release|x64.Build.0 = Release|x64
		{9F113920-E701-4402-926A-11F66AA46BD2}.Release|x86.ActiveCfg = Release|x86
		{9F113920-E701-4402-926A-11F66AA46BD2}.Release|x86.Build.0 = Release|x86
		{580A3BF9-7E49-4A08-ACCC-97633AABF93D}.Debug|arm64.ActiveCfg = Debug|arm64
		{580A3BF9-7E49-4A08-ACCC-97633AABF93D}.Debug|arm64.Build.0 = Debug|arm64
		{580A3BF9-7E49-4A08-ACCC-97633AABF93D}.Debug|arm64.Deploy.0 = Debug|arm64
		{580A3BF9-7E49-4A08-ACCC-97633AABF93D}.Debug|x64.ActiveCfg = Debug|x64
		{580A3BF9-7E49-4A08-ACCC-97633AABF93D}.Debug|x64.Build.0 = Debug|x64
		{580A3BF9-7E49-4A08-ACCC-97633AABF93D}.Debug|x64.Deploy.0 = Debug|x64
		{580A3BF9-7E49-4A08-ACCC-97633AABF93D}.Debug|x86.ActiveCfg = Debug|x86
		{580A3BF9-7E49-4A08-ACCC-97633AABF93D}.Debug|x86.Build.0 = Debug|x86
		{580A3BF9-7E49-4A08-ACCC-97633AABF93D}.Debug|x86.Deploy.0 = Debug|x86
		{580A3BF9-7E49-4A08-ACCC-97633AABF93D}.Release|arm64.ActiveCfg = Release|arm64
		{580A3BF9-7E49-4A08-ACCC-97633AABF93D}.Release|arm64.Build.0 = Release|arm64
		{580A3BF9-7E49-4A08-ACCC-97633AABF93D}.Release|arm64.Deploy.0 = Release|arm64
		{580A3BF9-7E49-4A08-ACCC-97633AABF93D}.Release|x64.ActiveCfg = Release|x64
		{580A3BF9-7E49-4A08-ACCC-97633AABF93D}.Release|x64.Build.0 = Release|x64
		{580A3BF9-7E49-4A08-ACCC-97633AABF93D}.Release|x64.Deploy.0 = Release|x64
		{580A3BF9-7E49-4A08-ACCC-97633AABF93D}.Release|x86.ActiveCfg = Release|x86
		{580A3BF9-7E49-4A08-ACCC-97633AABF93D}.Release|x86.Build.0 = Release|x86
		{580A3BF9-7E49-4A08-ACCC-97633AABF93D}.Release|x86.Deploy.0 = Release|x86
		{2A2FC32E-DF57-4AB9-B118-DC021B8CA86A}.Debug|arm64.ActiveCfg = Debug|arm64
		{2A2FC32E-DF57-4AB9-B118-DC021B8CA86A}.Debug|arm64.Build.0 = Debug|arm64
		{2A2FC32E-DF57-4AB9-B118-DC021B8CA86A}.Debug|x64.ActiveCfg = Debug|x64
		{2A2FC32E-DF57-4AB9-B118-DC021B8CA86A}.Debug|x64.Build.0 = Debug|x64
		{2A2FC32E-DF57-4AB9-B118-DC021B8CA86A}.Debug|x86.ActiveCfg = Debug|x86
		{2A2FC32E-DF57-4AB9-B118-DC021B8CA86A}.Debug|x86.Build.0 = Debug|x86
		{2A2FC32E-DF57-4AB9-B118-DC021B8CA86A}.Release|arm64.ActiveCfg = Release|arm64
		{2A2FC32E-DF57-4AB9-B118-DC021B8CA86A}.Release|arm64.Build.0 = Release|arm64
		{2A2FC32E-DF57-4AB9-B118-DC021B8CA86A}.Release|x64.ActiveCfg = Release|x64
		{2A2FC32E-DF57-4AB9-B118-DC021B8CA86A}.Release|x64.Build.0 = Release|x64
		{2A2FC32E-DF57-4AB9-B118-DC021B8CA86A}.Release|x86.ActiveCfg = Release|x86
		{2A2FC32E-DF57-4AB9-B118-DC021B8CA86A}.Release|x86.Build.0 = Release|x86
		{707EF280-7237-4622-A2C6-3FFD2FDC2A03}.Debug|arm64.ActiveCfg = Debug|arm64
		{707EF280-7237-4622-A2C6-3FFD2FDC2A03}.Debug|arm64.Build.0 = Debug|arm64
		{707EF280-7237-4622-A2C6-3FFD2FDC2A03}.Debug|arm64.Deploy.0 = Debug|arm64
		{707EF280-7237-4622-A2C6-3FFD2FDC2A03}.Debug|x64.ActiveCfg = Debug|x64
		{707EF280-7237-4622-A2C6-3FFD2FDC2A03}.Debug|x64.Build.0 = Debug|x64
		{707EF280-7237-4622-A2C6-3FFD2FDC2A03}.Debug|x64.Deploy.0 = Debug|x64
		{707EF280-7237-4622-A2C6-3FFD2FDC2A03}.Debug|x86.ActiveCfg = Debug|x86
		{707EF280-7237-4622-A2C6-3FFD2FDC2A03}.Debug|x86.Build.0 = Debug|x86
		{707EF280-7237-4622-A2C6-3FFD2FDC2A03}.Debug|x86.Deploy.0 = Debug|x86
		{707EF280-7237-4622-A2C6-3FFD2FDC2A03}.Release|arm64.ActiveCfg = Release|arm64
		{707EF280-7237-4622-A2C6-3FFD2FDC2A03}.Release|arm64.Build.0 = Release|arm64
		{707EF280-7237-4622-A2C6-3FFD2FDC2A03}.Release|arm64.Deploy.0 = Release|arm64
		{707EF280-7237-4622-A2C6-3FFD2FDC2A03}.Release|x64.ActiveCfg = Release|x64
		{707EF280-7237-4622-A2C6-3FFD2FDC2A03}.Release|x64.Build.0 = Release|x64
		{707EF280-7237-4622-A2C6-3FFD2FDC2A03}.Release|x64.Deploy.0 = Release|x64
		{707EF280-7237-4622-A2C6-3FFD2FDC2A03}.Release|x86.ActiveCfg = Release|x86
		{707EF280-7237-4622-A2C6-3FFD2FDC2A03}.Release|x86.Build.0 = Release|x86
		{707EF280-7237-4622-A2C6-3FFD2FDC2A03}.Release|x86.Deploy.0 = Release|x86
		{0B81C633-3FEC-42F2-8969-20EC41545CE4}.Debug|arm64.ActiveCfg = Debug|arm64
		{0B81C633-3FEC-42F2-8969-20EC41545CE4}.Debug|arm64.Build.0 = Debug|arm64
		{0B81C633-3FEC-42F2-8969-20EC41545CE4}.Debug|x64.ActiveCfg = Debug|x64
		{0B81C633-3FEC-42F2-8969-20EC41545CE4}.Debug|x64.Build.0 = Debug|x64
		{0B81C633-3FEC-42F2-8969-20EC41545CE4}.Debug|x86.ActiveCfg = Debug|x86
		{0B81C633-3FEC-42F2-8969-20EC41545CE4}.Debug|x86.Build.0 = Debug|x86
		{0B81C633-3FEC-42F2-8969-20EC41545CE4}.Release|arm64.ActiveCfg = Release|arm64
		{0B81C633-3FEC-42F2-8969-20EC41545CE4}.Release|arm64.Build.0 = Release|arm64
		{0B81C633-3FEC-42F2-8969-20EC41545CE4}.Release|x64.ActiveCfg = Release|x64
		{0B81C633-3FEC-42F2-8969-20EC41545CE4}.Release|x64.Build.0 = Release|x64
		{0B81C633-3FEC-42F2-8969-20EC41545CE4}.Release|x86.ActiveCfg = Release|x86
		{0B81C633-3FEC-42F2-8969-20EC41545CE4}.Release|x86.Build.0 = Release|x86
		{90037604-6833-4867-BAFE-03E76BF510A6}.Debug|arm64.ActiveCfg = Debug|arm64
		{90037604-6833-4867-BAFE-03E76BF510A6}.Debug|arm64.Build.0 = Debug|arm64
		{90037604-6833-4867-BAFE-03E76BF510A6}.Debug|arm64.Deploy.0 = Debug|arm64
		{90037604-6833-4867-BAFE-03E76BF510A6}.Debug|x64.ActiveCfg = Debug|x64
		{90037604-6833-4867-BAFE-03E76BF510A6}.Debug|x64.Build.0 = Debug|x64
		{90037604-6833-4867-BAFE-03E76BF510A6}.Debug|x64.Deploy.0 = Debug|x64
		{90037604-6833-4867-BAFE-03E76BF510A6}.Debug|x86.ActiveCfg = Debug|x86
		{90037604-6833-4867-BAFE-03E76BF510A6}.Debug|x86.Build.0 = Debug|x86
		{90037604-6833-4867-BAFE-03E76BF510A6}.Debug|x86.Deploy.0 = Debug|x86
		{90037604-6833-4867-BAFE-03E76BF510A6}.Release|arm64.ActiveCfg = Release|arm64
		{90037604-6833-4867-BAFE-03E76BF510A6}.Release|arm64.Build.0 = Release|arm64
		{90037604-6833-4867-BAFE-03E76BF510A6}.Release|arm64.Deploy.0 = Release|arm64
		{90037604-6833-4867-BAFE-03E76BF510A6}.Release|x64.ActiveCfg = Release|x64
		{90037604-6833-4867-BAFE-03E76BF510A6}.Release|x64.Build.0 = Release|x64
		{90037604-6833-4867-BAFE-03E76BF510A6}.Release|x64.Deploy.0 = Release|x64
		{90037604-6833-4867-BAFE-03E76BF510A6}.Release|x86.ActiveCfg = Release|x86
		{90037604-6833-4867-BAFE-03E76BF510A6}.Release|x86.Build.0 = Release|x86
		{90037604-6833-4867-BAFE-03E76BF510A6}.Release|x86.Deploy.0 = Release|x86
		{DA69D114-2560-45E8-93DD-02E53BBFEF0A}.Debug|arm64.ActiveCfg = Debug|arm64
		{DA69D114-2560-45E8-93DD-02E53BBFEF0A}.Debug|arm64.Build.0 = Debug|arm64
		{DA69D114-2560-45E8-93DD-02E53BBFEF0A}.Debug|x64.ActiveCfg = Debug|x64
		{DA69D114-2560-45E8-93DD-02E53BBFEF0A}.Debug|x64.Build.0 = Debug|x64
		{DA69D114-2560-45E8-93DD-02E53BBFEF0A}.Debug|x86.ActiveCfg = Debug|x86
		{DA69D114-2560-45E8-93DD-02E53BBFEF0A}.Debug|x86.Build.0 = Debug|x86
		{DA69D114-2560-45E8-93DD-02E53BBFEF0A}.Release|arm64.ActiveCfg = Release|arm64
		{DA69D114-2560-45E8-93DD-02E53BBFEF0A}.Release|arm64.Build.0 = Release|arm64
		{DA69D114-2560-45E8-93DD-02E53BBFEF0A}.Release|x64.ActiveCfg = Release|x64
		{DA69D114-2560-45E8-93DD-02E53BBFEF0A}.Release|x64.Build.0 = Release|x64
		{DA69D114-2560-45E8-93DD-02E53BBFEF0A}.Release|x86.ActiveCfg = Release|x86
		{DA69D114-2560-45E8-93DD-02E53BBFEF0A}.Release|x86.Build.0 = Release|x86
	EndGlobalSection
	GlobalSection(SolutionProperties) = preSolution
		HideSolutionNode = FALSE
	EndGlobalSection
	GlobalSection(ExtensibilityGlobals) = postSolution
		SolutionGuid = {036DB5A0-EC5F-497F-95D9-B6573662C465}
	EndGlobalSection
EndGlobal
