
Microsoft Visual Studio Solution File, Format Version 12.00
# Visual Studio Version 17
VisualStudioVersion = 17.9.34728.123
MinimumVisualStudioVersion = 10.0.40219.1
Project("{8BC9CEB8-8B4A-11D0-8D11-00A0C91BC942}") = "DrawingIslandComponents", "DrawingIslandComponents\DrawingIslandComponents.vcxproj", "{709C54E1-0F2F-4A59-80B2-4CFD08B720E5}"
EndProject
Project("{9A19103F-16F7-4668-BE54-9A1E7A4F7556}") = "CalculatorDemo", "CalculatorDemo\CalculatorDemo.csproj", "{5731865D-6685-47A7-8877-5DBAF39B54CD}"
EndProject
Project("{C7167F0D-BC9F-4E6E-AFE1-012C56B48DB5}") = "CalculatorDemoPackage", "CalculatorDemoPackage\CalculatorDemoPackage.wapproj", "{0A343519-113B-4EF9-959C-30F559524BC4}"
EndProject
Project("{2150E333-8FDC-42A3-9474-1A3956D46DE8}") = "Demo3_Step1", "Demo3_Step1", "{D326EA21-1EE1-4D67-A0CE-898D9EC84300}"
EndProject
Project("{2150E333-8FDC-42A3-9474-1A3956D46DE8}") = "Demo4_Step2", "Demo4_Step2", "{1C23C858-0772-4881-A947-32E8870C35AE}"
EndProject
Project("{FAE04EC0-301F-11D3-BF4B-00C04F79EFBC}") = "DrawingIslandCsProjection", "DrawingIslandCsProjection\DrawingIslandCsProjection.csproj", "{4A5A8328-28E9-4B32-9284-6BCB33553E10}"
EndProject
Global
	GlobalSection(SolutionConfigurationPlatforms) = preSolution
		Debug|ARM64 = Debug|ARM64
		Debug|x64 = Debug|x64
		Debug|x86 = Debug|x86
		Release|ARM64 = Release|ARM64
		Release|x64 = Release|x64
		Release|x86 = Release|x86
	EndGlobalSection
	GlobalSection(ProjectConfigurationPlatforms) = postSolution
		{709C54E1-0F2F-4A59-80B2-4CFD08B720E5}.Debug|ARM64.ActiveCfg = Debug|ARM64
		{709C54E1-0F2F-4A59-80B2-4CFD08B720E5}.Debug|ARM64.Build.0 = Debug|ARM64
		{709C54E1-0F2F-4A59-80B2-4CFD08B720E5}.Debug|x64.ActiveCfg = Debug|x64
		{709C54E1-0F2F-4A59-80B2-4CFD08B720E5}.Debug|x64.Build.0 = Debug|x64
		{709C54E1-0F2F-4A59-80B2-4CFD08B720E5}.Debug|x86.ActiveCfg = Debug|Win32
		{709C54E1-0F2F-4A59-80B2-4CFD08B720E5}.Debug|x86.Build.0 = Debug|Win32
		{709C54E1-0F2F-4A59-80B2-4CFD08B720E5}.Release|ARM64.ActiveCfg = Release|ARM64
		{709C54E1-0F2F-4A59-80B2-4CFD08B720E5}.Release|ARM64.Build.0 = Release|ARM64
		{709C54E1-0F2F-4A59-80B2-4CFD08B720E5}.Release|x64.ActiveCfg = Release|x64
		{709C54E1-0F2F-4A59-80B2-4CFD08B720E5}.Release|x64.Build.0 = Release|x64
		{709C54E1-0F2F-4A59-80B2-4CFD08B720E5}.Release|x86.ActiveCfg = Release|Win32
		{709C54E1-0F2F-4A59-80B2-4CFD08B720E5}.Release|x86.Build.0 = Release|Win32
		{5731865D-6685-47A7-8877-5DBAF39B54CD}.Debug|ARM64.ActiveCfg = Debug|ARM64
		{5731865D-6685-47A7-8877-5DBAF39B54CD}.Debug|ARM64.Build.0 = Debug|ARM64
		{5731865D-6685-47A7-8877-5DBAF39B54CD}.Debug|x64.ActiveCfg = Debug|x64
		{5731865D-6685-47A7-8877-5DBAF39B54CD}.Debug|x64.Build.0 = Debug|x64
		{5731865D-6685-47A7-8877-5DBAF39B54CD}.Debug|x86.ActiveCfg = Debug|x86
		{5731865D-6685-47A7-8877-5DBAF39B54CD}.Debug|x86.Build.0 = Debug|x86
		{5731865D-6685-47A7-8877-5DBAF39B54CD}.Release|ARM64.ActiveCfg = Release|ARM64
		{5731865D-6685-47A7-8877-5DBAF39B54CD}.Release|ARM64.Build.0 = Release|ARM64
		{5731865D-6685-47A7-8877-5DBAF39B54CD}.Release|x64.ActiveCfg = Release|x64
		{5731865D-6685-47A7-8877-5DBAF39B54CD}.Release|x64.Build.0 = Release|x64
		{5731865D-6685-47A7-8877-5DBAF39B54CD}.Release|x86.ActiveCfg = Release|x86
		{5731865D-6685-47A7-8877-5DBAF39B54CD}.Release|x86.Build.0 = Release|x86
		{0A343519-113B-4EF9-959C-30F559524BC4}.Debug|ARM64.ActiveCfg = Debug|ARM64
		{0A343519-113B-4EF9-959C-30F559524BC4}.Debug|ARM64.Build.0 = Debug|ARM64
		{0A343519-113B-4EF9-959C-30F559524BC4}.Debug|ARM64.Deploy.0 = Debug|ARM64
		{0A343519-113B-4EF9-959C-30F559524BC4}.Debug|x64.ActiveCfg = Debug|x64
		{0A343519-113B-4EF9-959C-30F559524BC4}.Debug|x64.Build.0 = Debug|x64
		{0A343519-113B-4EF9-959C-30F559524BC4}.Debug|x64.Deploy.0 = Debug|x64
		{0A343519-113B-4EF9-959C-30F559524BC4}.Debug|x86.ActiveCfg = Debug|x86
		{0A343519-113B-4EF9-959C-30F559524BC4}.Debug|x86.Build.0 = Debug|x86
		{0A343519-113B-4EF9-959C-30F559524BC4}.Debug|x86.Deploy.0 = Debug|x86
		{0A343519-113B-4EF9-959C-30F559524BC4}.Release|ARM64.ActiveCfg = Release|ARM64
		{0A343519-113B-4EF9-959C-30F559524BC4}.Release|ARM64.Build.0 = Release|ARM64
		{0A343519-113B-4EF9-959C-30F559524BC4}.Release|ARM64.Deploy.0 = Release|ARM64
		{0A343519-113B-4EF9-959C-30F559524BC4}.Release|x64.ActiveCfg = Release|x64
		{0A343519-113B-4EF9-959C-30F559524BC4}.Release|x64.Build.0 = Release|x64
		{0A343519-113B-4EF9-959C-30F559524BC4}.Release|x64.Deploy.0 = Release|x64
		{0A343519-113B-4EF9-959C-30F559524BC4}.Release|x86.ActiveCfg = Release|x86
		{0A343519-113B-4EF9-959C-30F559524BC4}.Release|x86.Build.0 = Release|x86
		{0A343519-113B-4EF9-959C-30F559524BC4}.Release|x86.Deploy.0 = Release|x86
		{4A5A8328-28E9-4B32-9284-6BCB33553E10}.Debug|ARM64.ActiveCfg = Debug|ARM64
		{4A5A8328-28E9-4B32-9284-6BCB33553E10}.Debug|ARM64.Build.0 = Debug|ARM64
		{4A5A8328-28E9-4B32-9284-6BCB33553E10}.Debug|x64.ActiveCfg = Debug|x64
		{4A5A8328-28E9-4B32-9284-6BCB33553E10}.Debug|x64.Build.0 = Debug|x64
		{4A5A8328-28E9-4B32-9284-6BCB33553E10}.Debug|x86.ActiveCfg = Debug|x86
		{4A5A8328-28E9-4B32-9284-6BCB33553E10}.Debug|x86.Build.0 = Debug|x86
		{4A5A8328-28E9-4B32-9284-6BCB33553E10}.Release|ARM64.ActiveCfg = Release|ARM64
		{4A5A8328-28E9-4B32-9284-6BCB33553E10}.Release|ARM64.Build.0 = Release|ARM64
		{4A5A8328-28E9-4B32-9284-6BCB33553E10}.Release|x64.ActiveCfg = Release|x64
		{4A5A8328-28E9-4B32-9284-6BCB33553E10}.Release|x64.Build.0 = Release|x64
		{4A5A8328-28E9-4B32-9284-6BCB33553E10}.Release|x86.ActiveCfg = Release|x86
		{4A5A8328-28E9-4B32-9284-6BCB33553E10}.Release|x86.Build.0 = Release|x86
	EndGlobalSection
	GlobalSection(SolutionProperties) = preSolution
		HideSolutionNode = FALSE
	EndGlobalSection
	GlobalSection(NestedProjects) = preSolution
		{709C54E1-0F2F-4A59-80B2-4CFD08B720E5} = {1C23C858-0772-4881-A947-32E8870C35AE}
		{0A343519-113B-4EF9-959C-30F559524BC4} = {D326EA21-1EE1-4D67-A0CE-898D9EC84300}
		{4A5A8328-28E9-4B32-9284-6BCB33553E10} = {1C23C858-0772-4881-A947-32E8870C35AE}
	EndGlobalSection
	GlobalSection(ExtensibilityGlobals) = postSolution
		SolutionGuid = {85542A88-746B-4646-9027-3AA360D075C2}
	EndGlobalSection
EndGlobal
