
Microsoft Visual Studio Solution File, Format Version 12.00
# Visual Studio Version 17
VisualStudioVersion = 17.0.32112.339
MinimumVisualStudioVersion = 10.0.40219.1
Project("{8BC9CEB8-8B4A-11D0-8D11-00A0C91BC942}") = "SampleWidgetProviderApp", "SampleWidgetProviderApp\SampleWidgetProviderApp.vcxproj", "{CB8A8DD7-1134-45CF-8F9F-F548EE75BB6A}"
EndProject
Project("{C7167F0D-BC9F-4E6E-AFE1-012C56B48DB5}") = "SampleWidgetProviderAppPackage", "SampleWidgetProviderAppPackage\SampleWidgetProviderAppPackage.wapproj", "{4B1399CC-22D8-4522-8CFF-FF16F6CFA526}"
EndProject
Global
	GlobalSection(SolutionConfigurationPlatforms) = preSolution
		Debug|ARM64 = Debug|ARM64
		Debug|x64 = Debug|x64
		Debug|x86 = Debug|x86
		Release|ARM64 = Release|ARM64
		Release|x64 = Release|x64
		Release|x86 = Release|x86
	EndGlobalSection
	GlobalSection(ProjectConfigurationPlatforms) = postSolution
		{CB8A8DD7-1134-45CF-8F9F-F548EE75BB6A}.Debug|ARM64.ActiveCfg = Debug|ARM64
		{CB8A8DD7-1134-45CF-8F9F-F548EE75BB6A}.Debug|ARM64.Build.0 = Debug|ARM64
		{CB8A8DD7-1134-45CF-8F9F-F548EE75BB6A}.Debug|x64.ActiveCfg = Debug|x64
		{CB8A8DD7-1134-45CF-8F9F-F548EE75BB6A}.Debug|x64.Build.0 = Debug|x64
		{CB8A8DD7-1134-45CF-8F9F-F548EE75BB6A}.Debug|x86.ActiveCfg = Debug|Win32
		{CB8A8DD7-1134-45CF-8F9F-F548EE75BB6A}.Debug|x86.Build.0 = Debug|Win32
		{CB8A8DD7-1134-45CF-8F9F-F548EE75BB6A}.Release|ARM64.ActiveCfg = Release|ARM64
		{CB8A8DD7-1134-45CF-8F9F-F548EE75BB6A}.Release|ARM64.Build.0 = Release|ARM64
		{CB8A8DD7-1134-45CF-8F9F-F548EE75BB6A}.Release|x64.ActiveCfg = Release|x64
		{CB8A8DD7-1134-45CF-8F9F-F548EE75BB6A}.Release|x64.Build.0 = Release|x64
		{CB8A8DD7-1134-45CF-8F9F-F548EE75BB6A}.Release|x86.ActiveCfg = Release|Win32
		{CB8A8DD7-1134-45CF-8F9F-F548EE75BB6A}.Release|x86.Build.0 = Release|Win32
		{4B1399CC-22D8-4522-8CFF-FF16F6CFA526}.Debug|ARM64.ActiveCfg = Debug|ARM64
		{4B1399CC-22D8-4522-8CFF-FF16F6CFA526}.Debug|ARM64.Build.0 = Debug|ARM64
		{4B1399CC-22D8-4522-8CFF-FF16F6CFA526}.Debug|ARM64.Deploy.0 = Debug|ARM64
		{4B1399CC-22D8-4522-8CFF-FF16F6CFA526}.Debug|x64.ActiveCfg = Debug|x64
		{4B1399CC-22D8-4522-8CFF-FF16F6CFA526}.Debug|x64.Build.0 = Debug|x64
		{4B1399CC-22D8-4522-8CFF-FF16F6CFA526}.Debug|x64.Deploy.0 = Debug|x64
		{4B1399CC-22D8-4522-8CFF-FF16F6CFA526}.Debug|x86.ActiveCfg = Debug|x86
		{4B1399CC-22D8-4522-8CFF-FF16F6CFA526}.Debug|x86.Build.0 = Debug|x86
		{4B1399CC-22D8-4522-8CFF-FF16F6CFA526}.Debug|x86.Deploy.0 = Debug|x86
		{4B1399CC-22D8-4522-8CFF-FF16F6CFA526}.Release|ARM64.ActiveCfg = Release|ARM64
		{4B1399CC-22D8-4522-8CFF-FF16F6CFA526}.Release|ARM64.Build.0 = Release|ARM64
		{4B1399CC-22D8-4522-8CFF-FF16F6CFA526}.Release|ARM64.Deploy.0 = Release|ARM64
		{4B1399CC-22D8-4522-8CFF-FF16F6CFA526}.Release|x64.ActiveCfg = Release|x64
		{4B1399CC-22D8-4522-8CFF-FF16F6CFA526}.Release|x64.Build.0 = Release|x64
		{4B1399CC-22D8-4522-8CFF-FF16F6CFA526}.Release|x64.Deploy.0 = Release|x64
		{4B1399CC-22D8-4522-8CFF-FF16F6CFA526}.Release|x86.ActiveCfg = Release|x86
		{4B1399CC-22D8-4522-8CFF-FF16F6CFA526}.Release|x86.Build.0 = Release|x86
		{4B1399CC-22D8-4522-8CFF-FF16F6CFA526}.Release|x86.Deploy.0 = Release|x86
	EndGlobalSection
	GlobalSection(SolutionProperties) = preSolution
		HideSolutionNode = FALSE
	EndGlobalSection
	GlobalSection(ExtensibilityGlobals) = postSolution
		SolutionGuid = {13B9D83A-53ED-4A95-9231-3D6947385034}
	EndGlobalSection
EndGlobal
