
Microsoft Visual Studio Solution File, Format Version 12.00
# Visual Studio Version 16
VisualStudioVersion = 16.0.30626.226
MinimumVisualStudioVersion = 10.0.40219.1
Project("{C7167F0D-BC9F-4E6E-AFE1-012C56B48DB5}") = "ReunionCppDesktopSampleApp (Package)", "ReunionCppDesktopSampleApp (Package)\ReunionCppDesktopSampleApp (Package).wapproj", "{42D2EDD7-8EDF-48E5-B965-BCE1537FC2B3}"
EndProject
Project("{8BC9CEB8-8B4A-11D0-8D11-00A0C91BC942}") = "ReunionCppDesktopSampleApp", "ReunionCppDesktopSampleApp\ReunionCppDesktopSampleApp.vcxproj", "{333F077A-D016-455B-BB24-E9556DA8E4E4}"
EndProject
Global
	GlobalSection(SolutionConfigurationPlatforms) = preSolution
		Debug|arm64 = Debug|arm64
		Debug|x64 = Debug|x64
		Debug|x86 = Debug|x86
		Release|arm64 = Release|arm64
		Release|x64 = Release|x64
		Release|x86 = Release|x86
	EndGlobalSection
	GlobalSection(ProjectConfigurationPlatforms) = postSolution
		{42D2EDD7-8EDF-48E5-B965-BCE1537FC2B3}.Debug|arm64.ActiveCfg = Debug|arm64
		{42D2EDD7-8EDF-48E5-B965-BCE1537FC2B3}.Debug|arm64.Build.0 = Debug|arm64
		{42D2EDD7-8EDF-48E5-B965-BCE1537FC2B3}.Debug|arm64.Deploy.0 = Debug|arm64
		{42D2EDD7-8EDF-48E5-B965-BCE1537FC2B3}.Debug|x64.ActiveCfg = Debug|x64
		{42D2EDD7-8EDF-48E5-B965-BCE1537FC2B3}.Debug|x64.Build.0 = Debug|x64
		{42D2EDD7-8EDF-48E5-B965-BCE1537FC2B3}.Debug|x64.Deploy.0 = Debug|x64
		{42D2EDD7-8EDF-48E5-B965-BCE1537FC2B3}.Debug|x86.ActiveCfg = Debug|x86
		{42D2EDD7-8EDF-48E5-B965-BCE1537FC2B3}.Debug|x86.Build.0 = Debug|x86
		{42D2EDD7-8EDF-48E5-B965-BCE1537FC2B3}.Debug|x86.Deploy.0 = Debug|x86
		{42D2EDD7-8EDF-48E5-B965-BCE1537FC2B3}.Release|arm64.ActiveCfg = Release|arm64
		{42D2EDD7-8EDF-48E5-B965-BCE1537FC2B3}.Release|arm64.Build.0 = Release|arm64
		{42D2EDD7-8EDF-48E5-B965-BCE1537FC2B3}.Release|arm64.Deploy.0 = Release|arm64
		{42D2EDD7-8EDF-48E5-B965-BCE1537FC2B3}.Release|x64.ActiveCfg = Release|x64
		{42D2EDD7-8EDF-48E5-B965-BCE1537FC2B3}.Release|x64.Build.0 = Release|x64
		{42D2EDD7-8EDF-48E5-B965-BCE1537FC2B3}.Release|x64.Deploy.0 = Release|x64
		{42D2EDD7-8EDF-48E5-B965-BCE1537FC2B3}.Release|x86.ActiveCfg = Release|x86
		{42D2EDD7-8EDF-48E5-B965-BCE1537FC2B3}.Release|x86.Build.0 = Release|x86
		{42D2EDD7-8EDF-48E5-B965-BCE1537FC2B3}.Release|x86.Deploy.0 = Release|x86
		{333F077A-D016-455B-BB24-E9556DA8E4E4}.Debug|arm64.ActiveCfg = Debug|arm64
		{333F077A-D016-455B-BB24-E9556DA8E4E4}.Debug|arm64.Build.0 = Debug|arm64
		{333F077A-D016-455B-BB24-E9556DA8E4E4}.Debug|x64.ActiveCfg = Debug|x64
		{333F077A-D016-455B-BB24-E9556DA8E4E4}.Debug|x64.Build.0 = Debug|x64
		{333F077A-D016-455B-BB24-E9556DA8E4E4}.Debug|x86.ActiveCfg = Debug|Win32
		{333F077A-D016-455B-BB24-E9556DA8E4E4}.Debug|x86.Build.0 = Debug|Win32
		{333F077A-D016-455B-BB24-E9556DA8E4E4}.Release|arm64.ActiveCfg = Release|arm64
		{333F077A-D016-455B-BB24-E9556DA8E4E4}.Release|arm64.Build.0 = Release|arm64
		{333F077A-D016-455B-BB24-E9556DA8E4E4}.Release|x64.ActiveCfg = Release|x64
		{333F077A-D016-455B-BB24-E9556DA8E4E4}.Release|x64.Build.0 = Release|x64
		{333F077A-D016-455B-BB24-E9556DA8E4E4}.Release|x86.ActiveCfg = Release|Win32
		{333F077A-D016-455B-BB24-E9556DA8E4E4}.Release|x86.Build.0 = Release|Win32
	EndGlobalSection
	GlobalSection(SolutionProperties) = preSolution
		HideSolutionNode = FALSE
	EndGlobalSection
	GlobalSection(ExtensibilityGlobals) = postSolution
		SolutionGuid = {77639AAC-1088-42AB-80F1-A50A9368A79D}
	EndGlobalSection
EndGlobal
