
Microsoft Visual Studio Solution File, Format Version 12.00
# Visual Studio Version 17
VisualStudioVersion = 17.9.34728.123
MinimumVisualStudioVersion = 10.0.40219.1
Project("{9A19103F-16F7-4668-BE54-9A1E7A4F7556}") = "WpfWithIslandApp", "WpfWithIslandApp\WpfWithIslandApp.csproj", "{A917DD32-C27E-4EB0-AC8E-826661150DB4}"
EndProject
Project("{C7167F0D-BC9F-4E6E-AFE1-012C56B48DB5}") = "AppPackaging", "AppPackaging\AppPackaging.wapproj", "{BF52209E-8E16-4913-88FA-6C4074510C89}"
EndProject
Global
	GlobalSection(SolutionConfigurationPlatforms) = preSolution
		Debug|ARM64 = Debug|ARM64
		Debug|x64 = Debug|x64
		Debug|x86 = Debug|x86
		Release|ARM64 = Release|ARM64
		Release|x64 = Release|x64
		Release|x86 = Release|x86
	EndGlobalSection
	GlobalSection(ProjectConfigurationPlatforms) = postSolution
		{A917DD32-C27E-4EB0-AC8E-826661150DB4}.Debug|ARM64.ActiveCfg = Debug|ARM64
		{A917DD32-C27E-4EB0-AC8E-826661150DB4}.Debug|ARM64.Build.0 = Debug|ARM64
		{A917DD32-C27E-4EB0-AC8E-826661150DB4}.Debug|x64.ActiveCfg = Debug|x64
		{A917DD32-C27E-4EB0-AC8E-826661150DB4}.Debug|x64.Build.0 = Debug|x64
		{A917DD32-C27E-4EB0-AC8E-826661150DB4}.Debug|x86.ActiveCfg = Debug|x86
		{A917DD32-C27E-4EB0-AC8E-826661150DB4}.Debug|x86.Build.0 = Debug|x86
		{A917DD32-C27E-4EB0-AC8E-826661150DB4}.Release|ARM64.ActiveCfg = Release|ARM64
		{A917DD32-C27E-4EB0-AC8E-826661150DB4}.Release|ARM64.Build.0 = Release|ARM64
		{A917DD32-C27E-4EB0-AC8E-826661150DB4}.Release|x64.ActiveCfg = Release|x64
		{A917DD32-C27E-4EB0-AC8E-826661150DB4}.Release|x64.Build.0 = Release|x64
		{A917DD32-C27E-4EB0-AC8E-826661150DB4}.Release|x86.ActiveCfg = Release|x86
		{A917DD32-C27E-4EB0-AC8E-826661150DB4}.Release|x86.Build.0 = Release|x86
		{BF52209E-8E16-4913-88FA-6C4074510C89}.Debug|ARM64.ActiveCfg = Debug|ARM64
		{BF52209E-8E16-4913-88FA-6C4074510C89}.Debug|ARM64.Build.0 = Debug|ARM64
		{BF52209E-8E16-4913-88FA-6C4074510C89}.Debug|ARM64.Deploy.0 = Debug|ARM64
		{BF52209E-8E16-4913-88FA-6C4074510C89}.Debug|x64.ActiveCfg = Debug|x64
		{BF52209E-8E16-4913-88FA-6C4074510C89}.Debug|x64.Build.0 = Debug|x64
		{BF52209E-8E16-4913-88FA-6C4074510C89}.Debug|x64.Deploy.0 = Debug|x64
		{BF52209E-8E16-4913-88FA-6C4074510C89}.Debug|x86.ActiveCfg = Debug|x86
		{BF52209E-8E16-4913-88FA-6C4074510C89}.Debug|x86.Build.0 = Debug|x86
		{BF52209E-8E16-4913-88FA-6C4074510C89}.Debug|x86.Deploy.0 = Debug|x86
		{BF52209E-8E16-4913-88FA-6C4074510C89}.Release|ARM64.ActiveCfg = Release|ARM64
		{BF52209E-8E16-4913-88FA-6C4074510C89}.Release|ARM64.Build.0 = Release|ARM64
		{BF52209E-8E16-4913-88FA-6C4074510C89}.Release|ARM64.Deploy.0 = Release|ARM64
		{BF52209E-8E16-4913-88FA-6C4074510C89}.Release|x64.ActiveCfg = Release|x64
		{BF52209E-8E16-4913-88FA-6C4074510C89}.Release|x64.Build.0 = Release|x64
		{BF52209E-8E16-4913-88FA-6C4074510C89}.Release|x64.Deploy.0 = Release|x64
		{BF52209E-8E16-4913-88FA-6C4074510C89}.Release|x86.ActiveCfg = Release|x86
		{BF52209E-8E16-4913-88FA-6C4074510C89}.Release|x86.Build.0 = Release|x86
		{BF52209E-8E16-4913-88FA-6C4074510C89}.Release|x86.Deploy.0 = Release|x86
	EndGlobalSection
	GlobalSection(SolutionProperties) = preSolution
		HideSolutionNode = FALSE
	EndGlobalSection
	GlobalSection(ExtensibilityGlobals) = postSolution
		SolutionGuid = {2CA7B3EB-970A-41A6-9F33-B194ADE3B3A5}
	EndGlobalSection
EndGlobal
