
Microsoft Visual Studio Solution File, Format Version 12.00
# Visual Studio Version 17
VisualStudioVersion = 17.9.34728.123
MinimumVisualStudioVersion = 10.0.40219.1
Project("{FAE04EC0-301F-11D3-BF4B-00C04F79EFBC}") = "WpfWithIslandApp", "WpfWithIslandApp\WpfWithIslandApp.csproj", "{A917DD32-C27E-4EB0-AC8E-826661150DB4}"
EndProject
Global
	GlobalSection(SolutionConfigurationPlatforms) = preSolution
		Debug|Any CPU = Debug|Any CPU
		Release|Any CPU = Release|Any CPU
	EndGlobalSection
	GlobalSection(ProjectConfigurationPlatforms) = postSolution
		{A917DD32-C27E-4EB0-AC8E-826661150DB4}.Debug|Any CPU.ActiveCfg = Debug|Any CPU
		{A917DD32-C27E-4EB0-AC8E-826661150DB4}.Debug|Any CPU.Build.0 = Debug|Any CPU
		{A917DD32-C27E-4EB0-AC8E-826661150DB4}.Release|Any CPU.ActiveCfg = Release|Any CPU
		{A917DD32-C27E-4EB0-AC8E-826661150DB4}.Release|Any CPU.Build.0 = Release|Any CPU
	EndGlobalSection
	GlobalSection(SolutionProperties) = preSolution
		HideSolutionNode = FALSE
	EndGlobalSection
	GlobalSection(ExtensibilityGlobals) = postSolution
		SolutionGuid = {2CA7B3EB-970A-41A6-9F33-B194ADE3B3A5}
	EndGlobalSection
EndGlobal
