
Microsoft Visual Studio Solution File, Format Version 12.00
# Visual Studio Version 16
VisualStudioVersion = 16.0.32630.194
MinimumVisualStudioVersion = 10.0.40219.1
Project("{8BC9CEB8-8B4A-11D0-8D11-00A0C91BC942}") = "Squares", "Squares.vcxproj", "{BF13F903-0EA5-4B58-8631-7DB2C0E60734}"
EndProject
Global
	GlobalSection(SolutionConfigurationPlatforms) = preSolution
		Debug|ARM64 = Debug|ARM64
		Debug|x64 = Debug|x64
		Debug|x86 = Debug|x86
		Release|ARM64 = Release|ARM64
		Release|x64 = Release|x64
		Release|x86 = Release|x86
	EndGlobalSection
	GlobalSection(ProjectConfigurationPlatforms) = postSolution
		{BF13F903-0EA5-4B58-8631-7DB2C0E60734}.Debug|ARM64.ActiveCfg = Debug|ARM64
		{BF13F903-0EA5-4B58-8631-7DB2C0E60734}.Debug|ARM64.Build.0 = Debug|ARM64
		{BF13F903-0EA5-4B58-8631-7DB2C0E60734}.Debug|x64.ActiveCfg = Debug|x64
		{BF13F903-0EA5-4B58-8631-7DB2C0E60734}.Debug|x64.Build.0 = Debug|x64
		{BF13F903-0EA5-4B58-8631-7DB2C0E60734}.Debug|x86.ActiveCfg = Debug|Win32
		{BF13F903-0EA5-4B58-8631-7DB2C0E60734}.Debug|x86.Build.0 = Debug|Win32
		{BF13F903-0EA5-4B58-8631-7DB2C0E60734}.Release|ARM64.ActiveCfg = Release|ARM64
		{BF13F903-0EA5-4B58-8631-7DB2C0E60734}.Release|ARM64.Build.0 = Release|ARM64
		{BF13F903-0EA5-4B58-8631-7DB2C0E60734}.Release|x64.ActiveCfg = Release|x64
		{BF13F903-0EA5-4B58-8631-7DB2C0E60734}.Release|x64.Build.0 = Release|x64
		{BF13F903-0EA5-4B58-8631-7DB2C0E60734}.Release|x86.ActiveCfg = Release|Win32
		{BF13F903-0EA5-4B58-8631-7DB2C0E60734}.Release|x86.Build.0 = Release|Win32
	EndGlobalSection
	GlobalSection(SolutionProperties) = preSolution
		HideSolutionNode = FALSE
	EndGlobalSection
	GlobalSection(ExtensibilityGlobals) = postSolution
		SolutionGuid = {CF5B744B-97DE-434B-9CF3-602BC02A1968}
	EndGlobalSection
EndGlobal
