
Microsoft Visual Studio Solution File, Format Version 12.00
# Visual Studio Version 17
VisualStudioVersion = 17.0.32126.317
MinimumVisualStudioVersion = 10.0.40219.1
Project("{9A19103F-16F7-4668-BE54-9A1E7A4F7556}") = "WinUIComponentCs", "WinUIComponentCs\WinUIComponentCs.csproj", "{BCC816DC-0F01-4F0F-8506-DF6AFEFAEA92}"
EndProject
Project("{8BC9CEB8-8B4A-11D0-8D11-00A0C91BC942}") = "CppApp", "CppApp\CppApp.vcxproj", "{34A4AD19-A703-47F3-B279-E505C6A2A935}"
EndProject
Project("{FAE04EC0-301F-11D3-BF4B-00C04F79EFBC}") = "CsApp", "CsApp\CsApp.csproj", "{4B4FA4E7-D50E-4059-A906-6F78F6DFEBCD}"
EndProject
Global
	GlobalSection(SolutionConfigurationPlatforms) = preSolution
		Debug|Any CPU = Debug|Any CPU
		Debug|arm64 = Debug|arm64
		Debug|x64 = Debug|x64
		Debug|x86 = Debug|x86
		Release|Any CPU = Release|Any CPU
		Release|arm64 = Release|arm64
		Release|x64 = Release|x64
		Release|x86 = Release|x86
	EndGlobalSection
	GlobalSection(ProjectConfigurationPlatforms) = postSolution
		{BCC816DC-0F01-4F0F-8506-DF6AFEFAEA92}.Debug|Any CPU.ActiveCfg = Debug|Any CPU
		{BCC816DC-0F01-4F0F-8506-DF6AFEFAEA92}.Debug|Any CPU.Build.0 = Debug|Any CPU
		{BCC816DC-0F01-4F0F-8506-DF6AFEFAEA92}.Debug|arm64.ActiveCfg = Debug|Any CPU
		{BCC816DC-0F01-4F0F-8506-DF6AFEFAEA92}.Debug|arm64.Build.0 = Debug|Any CPU
		{BCC816DC-0F01-4F0F-8506-DF6AFEFAEA92}.Debug|x64.ActiveCfg = Debug|x64
		{BCC816DC-0F01-4F0F-8506-DF6AFEFAEA92}.Debug|x64.Build.0 = Debug|x64
		{BCC816DC-0F01-4F0F-8506-DF6AFEFAEA92}.Debug|x86.ActiveCfg = Debug|Any CPU
		{BCC816DC-0F01-4F0F-8506-DF6AFEFAEA92}.Debug|x86.Build.0 = Debug|Any CPU
		{BCC816DC-0F01-4F0F-8506-DF6AFEFAEA92}.Release|Any CPU.ActiveCfg = Release|Any CPU
		{BCC816DC-0F01-4F0F-8506-DF6AFEFAEA92}.Release|Any CPU.Build.0 = Release|Any CPU
		{BCC816DC-0F01-4F0F-8506-DF6AFEFAEA92}.Release|arm64.ActiveCfg = Release|Any CPU
		{BCC816DC-0F01-4F0F-8506-DF6AFEFAEA92}.Release|arm64.Build.0 = Release|Any CPU
		{BCC816DC-0F01-4F0F-8506-DF6AFEFAEA92}.Release|x64.ActiveCfg = Release|Any CPU
		{BCC816DC-0F01-4F0F-8506-DF6AFEFAEA92}.Release|x64.Build.0 = Release|Any CPU
		{BCC816DC-0F01-4F0F-8506-DF6AFEFAEA92}.Release|x86.ActiveCfg = Release|Any CPU
		{BCC816DC-0F01-4F0F-8506-DF6AFEFAEA92}.Release|x86.Build.0 = Release|Any CPU
		{34A4AD19-A703-47F3-B279-E505C6A2A935}.Debug|Any CPU.ActiveCfg = Debug|x64
		{34A4AD19-A703-47F3-B279-E505C6A2A935}.Debug|Any CPU.Build.0 = Debug|x64
		{34A4AD19-A703-47F3-B279-E505C6A2A935}.Debug|Any CPU.Deploy.0 = Debug|x64
		{34A4AD19-A703-47F3-B279-E505C6A2A935}.Debug|arm64.ActiveCfg = Debug|arm64
		{34A4AD19-A703-47F3-B279-E505C6A2A935}.Debug|arm64.Build.0 = Debug|arm64
		{34A4AD19-A703-47F3-B279-E505C6A2A935}.Debug|arm64.Deploy.0 = Debug|arm64
		{34A4AD19-A703-47F3-B279-E505C6A2A935}.Debug|x64.ActiveCfg = Debug|x64
		{34A4AD19-A703-47F3-B279-E505C6A2A935}.Debug|x64.Build.0 = Debug|x64
		{34A4AD19-A703-47F3-B279-E505C6A2A935}.Debug|x64.Deploy.0 = Debug|x64
		{34A4AD19-A703-47F3-B279-E505C6A2A935}.Debug|x86.ActiveCfg = Debug|Win32
		{34A4AD19-A703-47F3-B279-E505C6A2A935}.Debug|x86.Build.0 = Debug|Win32
		{34A4AD19-A703-47F3-B279-E505C6A2A935}.Debug|x86.Deploy.0 = Debug|Win32
		{34A4AD19-A703-47F3-B279-E505C6A2A935}.Release|Any CPU.ActiveCfg = Release|x64
		{34A4AD19-A703-47F3-B279-E505C6A2A935}.Release|Any CPU.Build.0 = Release|x64
		{34A4AD19-A703-47F3-B279-E505C6A2A935}.Release|Any CPU.Deploy.0 = Release|x64
		{34A4AD19-A703-47F3-B279-E505C6A2A935}.Release|arm64.ActiveCfg = Release|arm64
		{34A4AD19-A703-47F3-B279-E505C6A2A935}.Release|arm64.Build.0 = Release|arm64
		{34A4AD19-A703-47F3-B279-E505C6A2A935}.Release|arm64.Deploy.0 = Release|arm64
		{34A4AD19-A703-47F3-B279-E505C6A2A935}.Release|x64.ActiveCfg = Release|x64
		{34A4AD19-A703-47F3-B279-E505C6A2A935}.Release|x64.Build.0 = Release|x64
		{34A4AD19-A703-47F3-B279-E505C6A2A935}.Release|x64.Deploy.0 = Release|x64
		{34A4AD19-A703-47F3-B279-E505C6A2A935}.Release|x86.ActiveCfg = Release|Win32
		{34A4AD19-A703-47F3-B279-E505C6A2A935}.Release|x86.Build.0 = Release|Win32
		{34A4AD19-A703-47F3-B279-E505C6A2A935}.Release|x86.Deploy.0 = Release|Win32
		{4B4FA4E7-D50E-4059-A906-6F78F6DFEBCD}.Debug|Any CPU.ActiveCfg = Debug|x64
		{4B4FA4E7-D50E-4059-A906-6F78F6DFEBCD}.Debug|Any CPU.Build.0 = Debug|x64
		{4B4FA4E7-D50E-4059-A906-6F78F6DFEBCD}.Debug|Any CPU.Deploy.0 = Debug|x64
		{4B4FA4E7-D50E-4059-A906-6F78F6DFEBCD}.Debug|arm64.ActiveCfg = Debug|arm64
		{4B4FA4E7-D50E-4059-A906-6F78F6DFEBCD}.Debug|arm64.Build.0 = Debug|arm64
		{4B4FA4E7-D50E-4059-A906-6F78F6DFEBCD}.Debug|arm64.Deploy.0 = Debug|arm64
		{4B4FA4E7-D50E-4059-A906-6F78F6DFEBCD}.Debug|x64.ActiveCfg = Debug|x64
		{4B4FA4E7-D50E-4059-A906-6F78F6DFEBCD}.Debug|x64.Build.0 = Debug|x64
		{4B4FA4E7-D50E-4059-A906-6F78F6DFEBCD}.Debug|x64.Deploy.0 = Debug|x64
		{4B4FA4E7-D50E-4059-A906-6F78F6DFEBCD}.Debug|x86.ActiveCfg = Debug|x86
		{4B4FA4E7-D50E-4059-A906-6F78F6DFEBCD}.Debug|x86.Build.0 = Debug|x86
		{4B4FA4E7-D50E-4059-A906-6F78F6DFEBCD}.Debug|x86.Deploy.0 = Debug|x86
		{4B4FA4E7-D50E-4059-A906-6F78F6DFEBCD}.Release|Any CPU.ActiveCfg = Release|x64
		{4B4FA4E7-D50E-4059-A906-6F78F6DFEBCD}.Release|Any CPU.Build.0 = Release|x64
		{4B4FA4E7-D50E-4059-A906-6F78F6DFEBCD}.Release|Any CPU.Deploy.0 = Release|x64
		{4B4FA4E7-D50E-4059-A906-6F78F6DFEBCD}.Release|arm64.ActiveCfg = Release|arm64
		{4B4FA4E7-D50E-4059-A906-6F78F6DFEBCD}.Release|arm64.Build.0 = Release|arm64
		{4B4FA4E7-D50E-4059-A906-6F78F6DFEBCD}.Release|arm64.Deploy.0 = Release|arm64
		{4B4FA4E7-D50E-4059-A906-6F78F6DFEBCD}.Release|x64.ActiveCfg = Release|x64
		{4B4FA4E7-D50E-4059-A906-6F78F6DFEBCD}.Release|x64.Build.0 = Release|x64
		{4B4FA4E7-D50E-4059-A906-6F78F6DFEBCD}.Release|x64.Deploy.0 = Release|x64
		{4B4FA4E7-D50E-4059-A906-6F78F6DFEBCD}.Release|x86.ActiveCfg = Release|x86
		{4B4FA4E7-D50E-4059-A906-6F78F6DFEBCD}.Release|x86.Build.0 = Release|x86
		{4B4FA4E7-D50E-4059-A906-6F78F6DFEBCD}.Release|x86.Deploy.0 = Release|x86
	EndGlobalSection
	GlobalSection(SolutionProperties) = preSolution
		HideSolutionNode = FALSE
	EndGlobalSection
	GlobalSection(ExtensibilityGlobals) = postSolution
		SolutionGuid = {EF6C20C8-AA97-4F17-A329-7A96FC162EAD}
	EndGlobalSection
EndGlobal
