
Microsoft Visual Studio Solution File, Format Version 12.00
# Visual Studio Version 17
VisualStudioVersion = 17.11.35303.130
MinimumVisualStudioVersion = 10.0.40219.1
Project("{FAE04EC0-301F-11D3-BF4B-00C04F79EFBC}") = "WinFormsWithIslandApp", "WinFormsWithIslandApp.csproj", "{1E4FD1DC-BC9D-491F-B7AE-D1AE9802E1FE}"
EndProject
Global
	GlobalSection(SolutionConfigurationPlatforms) = preSolution
		Debug|Any CPU = Debug|Any CPU
		Release|Any CPU = Release|Any CPU
	EndGlobalSection
	GlobalSection(ProjectConfigurationPlatforms) = postSolution
		{1E4FD1DC-BC9D-491F-B7AE-D1AE9802E1FE}.Debug|Any CPU.ActiveCfg = Debug|Any CPU
		{1E4FD1DC-BC9D-491F-B7AE-D1AE9802E1FE}.Debug|Any CPU.Build.0 = Debug|Any CPU
		{1E4FD1DC-BC9D-491F-B7AE-D1AE9802E1FE}.Release|Any CPU.ActiveCfg = Release|Any CPU
		{1E4FD1DC-BC9D-491F-B7AE-D1AE9802E1FE}.Release|Any CPU.Build.0 = Release|Any CPU
	EndGlobalSection
	GlobalSection(SolutionProperties) = preSolution
		HideSolutionNode = FALSE
	EndGlobalSection
	GlobalSection(ExtensibilityGlobals) = postSolution
		SolutionGuid = {CB823D72-3A8F-44FB-8324-85B083D9AC28}
	EndGlobalSection
EndGlobal
