
Microsoft Visual Studio Solution File, Format Version 12.00
# Visual Studio Version 17
VisualStudioVersion = 17.3.32929.385
MinimumVisualStudioVersion = 10.0.40219.1
Project("{FAE04EC0-301F-11D3-BF4B-00C04F79EFBC}") = "Hello World", "Hello World\Hello World.csproj", "{D0E0CA3B-5550-4981-BB5A-426AEFF7E6EF}"
EndProject
Global
	GlobalSection(SolutionConfigurationPlatforms) = preSolution
		Debug|arm64 = Debug|arm64
		Debug|x64 = Debug|x64
		Debug|x86 = Debug|x86
		Release|arm64 = Release|arm64
		Release|x64 = Release|x64
		Release|x86 = Release|x86
	EndGlobalSection
	GlobalSection(ProjectConfigurationPlatforms) = postSolution
		{D0E0CA3B-5550-4981-BB5A-426AEFF7E6EF}.Debug|arm64.ActiveCfg = Debug|arm64
		{D0E0CA3B-5550-4981-BB5A-426AEFF7E6EF}.Debug|arm64.Build.0 = Debug|arm64
		{D0E0CA3B-5550-4981-BB5A-426AEFF7E6EF}.Debug|arm64.Deploy.0 = Debug|arm64
		{D0E0CA3B-5550-4981-BB5A-426AEFF7E6EF}.Debug|x64.ActiveCfg = Debug|x64
		{D0E0CA3B-5550-4981-BB5A-426AEFF7E6EF}.Debug|x64.Build.0 = Debug|x64
		{D0E0CA3B-5550-4981-BB5A-426AEFF7E6EF}.Debug|x64.Deploy.0 = Debug|x64
		{D0E0CA3B-5550-4981-BB5A-426AEFF7E6EF}.Debug|x86.ActiveCfg = Debug|x86
		{D0E0CA3B-5550-4981-BB5A-426AEFF7E6EF}.Debug|x86.Build.0 = Debug|x86
		{D0E0CA3B-5550-4981-BB5A-426AEFF7E6EF}.Debug|x86.Deploy.0 = Debug|x86
		{D0E0CA3B-5550-4981-BB5A-426AEFF7E6EF}.Release|arm64.ActiveCfg = Release|arm64
		{D0E0CA3B-5550-4981-BB5A-426AEFF7E6EF}.Release|arm64.Build.0 = Release|arm64
		{D0E0CA3B-5550-4981-BB5A-426AEFF7E6EF}.Release|arm64.Deploy.0 = Release|arm64
		{D0E0CA3B-5550-4981-BB5A-426AEFF7E6EF}.Release|x64.ActiveCfg = Release|x64
		{D0E0CA3B-5550-4981-BB5A-426AEFF7E6EF}.Release|x64.Build.0 = Release|x64
		{D0E0CA3B-5550-4981-BB5A-426AEFF7E6EF}.Release|x64.Deploy.0 = Release|x64
		{D0E0CA3B-5550-4981-BB5A-426AEFF7E6EF}.Release|x86.ActiveCfg = Release|x86
		{D0E0CA3B-5550-4981-BB5A-426AEFF7E6EF}.Release|x86.Build.0 = Release|x86
		{D0E0CA3B-5550-4981-BB5A-426AEFF7E6EF}.Release|x86.Deploy.0 = Release|x86
	EndGlobalSection
	GlobalSection(SolutionProperties) = preSolution
		HideSolutionNode = FALSE
	EndGlobalSection
	GlobalSection(ExtensibilityGlobals) = postSolution
		SolutionGuid = {D5EB1AD9-4867-47B5-B6B5-18831C561613}
	EndGlobalSection
EndGlobal
