
Microsoft Visual Studio Solution File, Format Version 12.00
# Visual Studio Version 16
VisualStudioVersion = 16.0.31624.102
MinimumVisualStudioVersion = 10.0.40219.1
Project("{C7167F0D-BC9F-4E6E-AFE1-012C56B48DB5}") = "CsWinUiDesktopActivation (Package)", "CsWinUiDesktopActivation\CsWinUiDesktopActivation (Package)\CsWinUiDesktopActivation (Package).wapproj", "{75F5A3A4-5821-42A6-96A8-85FEA269B1E9}"
EndProject
Project("{FAE04EC0-301F-11D3-BF4B-00C04F79EFBC}") = "CsWinUiDesktopActivation", "CsWinUiDesktopActivation\CsWinUiDesktopActivation\CsWinUiDesktopActivation.csproj", "{59FF2E52-2DCB-46FB-A5F1-4199D3B5DD3D}"
EndProject
Global
	GlobalSection(SolutionConfigurationPlatforms) = preSolution
		Debug|ARM64 = Debug|ARM64
		Debug|x64 = Debug|x64
		Debug|x86 = Debug|x86
		Release|ARM64 = Release|ARM64
		Release|x64 = Release|x64
		Release|x86 = Release|x86
	EndGlobalSection
	GlobalSection(ProjectConfigurationPlatforms) = postSolution
		{75F5A3A4-5821-42A6-96A8-85FEA269B1E9}.Debug|ARM64.ActiveCfg = Debug|ARM64
		{75F5A3A4-5821-42A6-96A8-85FEA269B1E9}.Debug|ARM64.Build.0 = Debug|ARM64
		{75F5A3A4-5821-42A6-96A8-85FEA269B1E9}.Debug|ARM64.Deploy.0 = Debug|ARM64
		{75F5A3A4-5821-42A6-96A8-85FEA269B1E9}.Debug|x64.ActiveCfg = Debug|x64
		{75F5A3A4-5821-42A6-96A8-85FEA269B1E9}.Debug|x64.Build.0 = Debug|x64
		{75F5A3A4-5821-42A6-96A8-85FEA269B1E9}.Debug|x64.Deploy.0 = Debug|x64
		{75F5A3A4-5821-42A6-96A8-85FEA269B1E9}.Debug|x86.ActiveCfg = Debug|x86
		{75F5A3A4-5821-42A6-96A8-85FEA269B1E9}.Debug|x86.Build.0 = Debug|x86
		{75F5A3A4-5821-42A6-96A8-85FEA269B1E9}.Debug|x86.Deploy.0 = Debug|x86
		{75F5A3A4-5821-42A6-96A8-85FEA269B1E9}.Release|ARM64.ActiveCfg = Release|ARM64
		{75F5A3A4-5821-42A6-96A8-85FEA269B1E9}.Release|ARM64.Build.0 = Release|ARM64
		{75F5A3A4-5821-42A6-96A8-85FEA269B1E9}.Release|ARM64.Deploy.0 = Release|ARM64
		{75F5A3A4-5821-42A6-96A8-85FEA269B1E9}.Release|x64.ActiveCfg = Release|x64
		{75F5A3A4-5821-42A6-96A8-85FEA269B1E9}.Release|x64.Build.0 = Release|x64
		{75F5A3A4-5821-42A6-96A8-85FEA269B1E9}.Release|x64.Deploy.0 = Release|x64
		{75F5A3A4-5821-42A6-96A8-85FEA269B1E9}.Release|x86.ActiveCfg = Release|x86
		{75F5A3A4-5821-42A6-96A8-85FEA269B1E9}.Release|x86.Build.0 = Release|x86
		{75F5A3A4-5821-42A6-96A8-85FEA269B1E9}.Release|x86.Deploy.0 = Release|x86
		{59FF2E52-2DCB-46FB-A5F1-4199D3B5DD3D}.Debug|ARM64.ActiveCfg = Debug|ARM64
		{59FF2E52-2DCB-46FB-A5F1-4199D3B5DD3D}.Debug|ARM64.Build.0 = Debug|ARM64
		{59FF2E52-2DCB-46FB-A5F1-4199D3B5DD3D}.Debug|x64.ActiveCfg = Debug|x64
		{59FF2E52-2DCB-46FB-A5F1-4199D3B5DD3D}.Debug|x64.Build.0 = Debug|x64
		{59FF2E52-2DCB-46FB-A5F1-4199D3B5DD3D}.Debug|x86.ActiveCfg = Debug|x86
		{59FF2E52-2DCB-46FB-A5F1-4199D3B5DD3D}.Debug|x86.Build.0 = Debug|x86
		{59FF2E52-2DCB-46FB-A5F1-4199D3B5DD3D}.Release|ARM64.ActiveCfg = Release|ARM64
		{59FF2E52-2DCB-46FB-A5F1-4199D3B5DD3D}.Release|ARM64.Build.0 = Release|ARM64
		{59FF2E52-2DCB-46FB-A5F1-4199D3B5DD3D}.Release|x64.ActiveCfg = Release|x64
		{59FF2E52-2DCB-46FB-A5F1-4199D3B5DD3D}.Release|x64.Build.0 = Release|x64
		{59FF2E52-2DCB-46FB-A5F1-4199D3B5DD3D}.Release|x86.ActiveCfg = Release|x86
		{59FF2E52-2DCB-46FB-A5F1-4199D3B5DD3D}.Release|x86.Build.0 = Release|x86
	EndGlobalSection
	GlobalSection(SolutionProperties) = preSolution
		HideSolutionNode = FALSE
	EndGlobalSection
	GlobalSection(ExtensibilityGlobals) = postSolution
		SolutionGuid = {D0C19CC2-315C-449F-9A88-ACFD63C6EE9C}
	EndGlobalSection
EndGlobal
