
Microsoft Visual Studio Solution File, Format Version 12.00
# Visual Studio Version 16
VisualStudioVersion = 16.0.31729.503
MinimumVisualStudioVersion = 10.0.40219.1
Project("{8BC9CEB8-8B4A-11D0-8D11-00A0C91BC942}") = "Windowing", "Windowing\Windowing.vcxproj", "{3CB3ADB7-B8C8-42A1-8F4A-236F77FB40A8}"
EndProject
Global
	GlobalSection(SolutionConfigurationPlatforms) = preSolution
		Debug|ARM64 = Debug|ARM64
		Debug|x64 = Debug|x64
		Debug|x86 = Debug|x86
		Release|ARM64 = Release|ARM64
		Release|x64 = Release|x64
		Release|x86 = Release|x86
	EndGlobalSection
	GlobalSection(ProjectConfigurationPlatforms) = postSolution
		{3CB3ADB7-B8C8-42A1-8F4A-236F77FB40A8}.Debug|ARM64.ActiveCfg = Debug|ARM64
		{3CB3ADB7-B8C8-42A1-8F4A-236F77FB40A8}.Debug|ARM64.Build.0 = Debug|ARM64
		{3CB3ADB7-B8C8-42A1-8F4A-236F77FB40A8}.Debug|x64.ActiveCfg = Debug|x64
		{3CB3ADB7-B8C8-42A1-8F4A-236F77FB40A8}.Debug|x64.Build.0 = Debug|x64
		{3CB3ADB7-B8C8-42A1-8F4A-236F77FB40A8}.Debug|x86.ActiveCfg = Debug|Win32
		{3CB3ADB7-B8C8-42A1-8F4A-236F77FB40A8}.Debug|x86.Build.0 = Debug|Win32
		{3CB3ADB7-B8C8-42A1-8F4A-236F77FB40A8}.Release|ARM64.ActiveCfg = Release|ARM64
		{3CB3ADB7-B8C8-42A1-8F4A-236F77FB40A8}.Release|ARM64.Build.0 = Release|ARM64
		{3CB3ADB7-B8C8-42A1-8F4A-236F77FB40A8}.Release|x64.ActiveCfg = Release|x64
		{3CB3ADB7-B8C8-42A1-8F4A-236F77FB40A8}.Release|x64.Build.0 = Release|x64
		{3CB3ADB7-B8C8-42A1-8F4A-236F77FB40A8}.Release|x86.ActiveCfg = Release|Win32
		{3CB3ADB7-B8C8-42A1-8F4A-236F77FB40A8}.Release|x86.Build.0 = Release|Win32
	EndGlobalSection
	GlobalSection(SolutionProperties) = preSolution
		HideSolutionNode = FALSE
	EndGlobalSection
	GlobalSection(ExtensibilityGlobals) = postSolution
		SolutionGuid = {2630D304-6F1D-4CA3-90FE-A69A11D6B5D2}
	EndGlobalSection
EndGlobal
