
Microsoft Visual Studio Solution File, Format Version 12.00
# Visual Studio Version 17
VisualStudioVersion = 17.13.35828.75
MinimumVisualStudioVersion = 10.0.40219.1
Project("{FAE04EC0-301F-11D3-BF4B-00C04F79EFBC}") = "MauiWindowsCopilotRuntimeSample", "MauiWCRSample\MauiWindowsCopilotRuntimeSample.csproj", "{5B91DC6A-CF3C-4398-BFF3-A45B88BFA698}"
EndProject
Global
	GlobalSection(SolutionConfigurationPlatforms) = preSolution
		Debug|Any CPU = Debug|Any CPU
		Release|Any CPU = Release|Any CPU
	EndGlobalSection
	GlobalSection(ProjectConfigurationPlatforms) = postSolution
		{5B91DC6A-CF3C-4398-BFF3-A45B88BFA698}.Debug|Any CPU.ActiveCfg = Debug|Any CPU
		{5B91DC6A-CF3C-4398-BFF3-A45B88BFA698}.Debug|Any CPU.Build.0 = Debug|Any CPU
		{5B91DC6A-CF3C-4398-BFF3-A45B88BFA698}.Debug|Any CPU.Deploy.0 = Debug|Any CPU
		{5B91DC6A-CF3C-4398-BFF3-A45B88BFA698}.Release|Any CPU.ActiveCfg = Release|Any CPU
		{5B91DC6A-CF3C-4398-BFF3-A45B88BFA698}.Release|Any CPU.Build.0 = Release|Any CPU
		{5B91DC6A-CF3C-4398-BFF3-A45B88BFA698}.Release|Any CPU.Deploy.0 = Release|Any CPU
	EndGlobalSection
	GlobalSection(SolutionProperties) = preSolution
		HideSolutionNode = FALSE
	EndGlobalSection
	GlobalSection(ExtensibilityGlobals) = postSolution
		SolutionGuid = {5A5F06A2-C647-43A9-B57C-A5330CA08AA7}
	EndGlobalSection
EndGlobal
