
Microsoft Visual Studio Solution File, Format Version 12.00
# Visual Studio Version 17
VisualStudioVersion = 17.0.31903.59
MinimumVisualStudioVersion = 10.0.40219.1
Project("{8BC9CEB8-8B4A-11D0-8D11-00A0C91BC942}") = "CppHeadApp", "CppHeadApp\CppHeadApp.vcxproj", "{C1D2E3F4-A5B6-7890-CDEF-123456789ABC}"
EndProject
Project("{8BC9CEB8-8B4A-11D0-8D11-00A0C91BC942}") = "CppSecondaryApp", "CppSecondaryApp\CppSecondaryApp.vcxproj", "{D2E3F4A5-B6C7-8901-DEFA-23456789ABCD}"
EndProject
Global
	GlobalSection(SolutionConfigurationPlatforms) = preSolution
		Debug|x64 = Debug|x64
		Release|x64 = Release|x64
		Debug|ARM64 = Debug|ARM64
		Release|ARM64 = Release|ARM64
	EndGlobalSection
	GlobalSection(ProjectConfigurationPlatforms) = postSolution
		{C1D2E3F4-A5B6-7890-CDEF-123456789ABC}.Debug|x64.ActiveCfg = Debug|x64
		{C1D2E3F4-A5B6-7890-CDEF-123456789ABC}.Debug|x64.Build.0 = Debug|x64
		{C1D2E3F4-A5B6-7890-CDEF-123456789ABC}.Debug|x64.Deploy.0 = Debug|x64
		{C1D2E3F4-A5B6-7890-CDEF-123456789ABC}.Release|x64.ActiveCfg = Release|x64
		{C1D2E3F4-A5B6-7890-CDEF-123456789ABC}.Release|x64.Build.0 = Release|x64
		{C1D2E3F4-A5B6-7890-CDEF-123456789ABC}.Release|x64.Deploy.0 = Release|x64
		{C1D2E3F4-A5B6-7890-CDEF-123456789ABC}.Debug|ARM64.ActiveCfg = Debug|ARM64
		{C1D2E3F4-A5B6-7890-CDEF-123456789ABC}.Debug|ARM64.Build.0 = Debug|ARM64
		{C1D2E3F4-A5B6-7890-CDEF-123456789ABC}.Debug|ARM64.Deploy.0 = Debug|ARM64
		{C1D2E3F4-A5B6-7890-CDEF-123456789ABC}.Release|ARM64.ActiveCfg = Release|ARM64
		{C1D2E3F4-A5B6-7890-CDEF-123456789ABC}.Release|ARM64.Build.0 = Release|ARM64
		{C1D2E3F4-A5B6-7890-CDEF-123456789ABC}.Release|ARM64.Deploy.0 = Release|ARM64
		{D2E3F4A5-B6C7-8901-DEFA-23456789ABCD}.Debug|x64.ActiveCfg = Debug|x64
		{D2E3F4A5-B6C7-8901-DEFA-23456789ABCD}.Debug|x64.Build.0 = Debug|x64
		{D2E3F4A5-B6C7-8901-DEFA-23456789ABCD}.Release|x64.ActiveCfg = Release|x64
		{D2E3F4A5-B6C7-8901-DEFA-23456789ABCD}.Release|x64.Build.0 = Release|x64
		{D2E3F4A5-B6C7-8901-DEFA-23456789ABCD}.Debug|ARM64.ActiveCfg = Debug|ARM64
		{D2E3F4A5-B6C7-8901-DEFA-23456789ABCD}.Debug|ARM64.Build.0 = Debug|ARM64
		{D2E3F4A5-B6C7-8901-DEFA-23456789ABCD}.Release|ARM64.ActiveCfg = Release|ARM64
		{D2E3F4A5-B6C7-8901-DEFA-23456789ABCD}.Release|ARM64.Build.0 = Release|ARM64
	EndGlobalSection
EndGlobal
