
Microsoft Visual Studio Solution File, Format Version 12.00
# Visual Studio Version 17
VisualStudioVersion = 17.13.35913.81
MinimumVisualStudioVersion = 10.0.40219.1
Project("{FAE04EC0-301F-11D3-BF4B-00C04F79EFBC}") = "WCRforWinformsSparse", "WCRforWinforms\WCRforWinformsSparse.csproj", "{254B87F5-5C3A-49EC-942C-3FFB83C437E9}"
EndProject
Global
	GlobalSection(SolutionConfigurationPlatforms) = preSolution
		Debug|ARM64 = Debug|ARM64
		Debug|x64 = Debug|x64
		Debug|x86 = Debug|x86
		Release|ARM64 = Release|ARM64
		Release|x64 = Release|x64
		Release|x86 = Release|x86
	EndGlobalSection
	GlobalSection(ProjectConfigurationPlatforms) = postSolution
		{254B87F5-5C3A-49EC-942C-3FFB83C437E9}.Debug|ARM64.ActiveCfg = Debug|ARM64
		{254B87F5-5C3A-49EC-942C-3FFB83C437E9}.Debug|ARM64.Build.0 = Debug|ARM64
		{254B87F5-5C3A-49EC-942C-3FFB83C437E9}.Debug|x64.ActiveCfg = Debug|x64
		{254B87F5-5C3A-49EC-942C-3FFB83C437E9}.Debug|x64.Build.0 = Debug|x64
		{254B87F5-5C3A-49EC-942C-3FFB83C437E9}.Debug|x86.ActiveCfg = Debug|x86
		{254B87F5-5C3A-49EC-942C-3FFB83C437E9}.Debug|x86.Build.0 = Debug|x86
		{254B87F5-5C3A-49EC-942C-3FFB83C437E9}.Release|ARM64.ActiveCfg = Release|ARM64
		{254B87F5-5C3A-49EC-942C-3FFB83C437E9}.Release|ARM64.Build.0 = Release|ARM64
		{254B87F5-5C3A-49EC-942C-3FFB83C437E9}.Release|x64.ActiveCfg = Release|x64
		{254B87F5-5C3A-49EC-942C-3FFB83C437E9}.Release|x64.Build.0 = Release|x64
		{254B87F5-5C3A-49EC-942C-3FFB83C437E9}.Release|x86.ActiveCfg = Release|x86
		{254B87F5-5C3A-49EC-942C-3FFB83C437E9}.Release|x86.Build.0 = Release|x86
	EndGlobalSection
	GlobalSection(SolutionProperties) = preSolution
		HideSolutionNode = FALSE
	EndGlobalSection
	GlobalSection(ExtensibilityGlobals) = postSolution
		SolutionGuid = {5237A3D0-A725-463F-A910-9C6F1C8002D3}
	EndGlobalSection
EndGlobal
