
Microsoft Visual Studio Solution File, Format Version 12.00
# Visual Studio Version 17
VisualStudioVersion = 17.2.32505.173
MinimumVisualStudioVersion = 10.0.40219.1
Project("{8BC9CEB8-8B4A-11D0-8D11-00A0C91BC942}") = "CppWinMainEnv", "CppWinMainEnv\CppWinMainEnv.vcxproj", "{7E7A5B67-F788-43AD-A10A-AAFC7674E00D}"
EndProject
Global
	GlobalSection(SolutionConfigurationPlatforms) = preSolution
		Debug|ARM64 = Debug|ARM64
		Debug|x64 = Debug|x64
		Debug|x86 = Debug|x86
		Release|ARM64 = Release|ARM64
		Release|x64 = Release|x64
		Release|x86 = Release|x86
	EndGlobalSection
	GlobalSection(ProjectConfigurationPlatforms) = postSolution
		{7E7A5B67-F788-43AD-A10A-AAFC7674E00D}.Debug|ARM64.ActiveCfg = Debug|ARM64
		{7E7A5B67-F788-43AD-A10A-AAFC7674E00D}.Debug|ARM64.Build.0 = Debug|ARM64
		{7E7A5B67-F788-43AD-A10A-AAFC7674E00D}.Debug|x64.ActiveCfg = Debug|x64
		{7E7A5B67-F788-43AD-A10A-AAFC7674E00D}.Debug|x64.Build.0 = Debug|x64
		{7E7A5B67-F788-43AD-A10A-AAFC7674E00D}.Debug|x86.ActiveCfg = Debug|Win32
		{7E7A5B67-F788-43AD-A10A-AAFC7674E00D}.Debug|x86.Build.0 = Debug|Win32
		{7E7A5B67-F788-43AD-A10A-AAFC7674E00D}.Release|ARM64.ActiveCfg = Release|ARM64
		{7E7A5B67-F788-43AD-A10A-AAFC7674E00D}.Release|ARM64.Build.0 = Release|ARM64
		{7E7A5B67-F788-43AD-A10A-AAFC7674E00D}.Release|x64.ActiveCfg = Release|x64
		{7E7A5B67-F788-43AD-A10A-AAFC7674E00D}.Release|x64.Build.0 = Release|x64
		{7E7A5B67-F788-43AD-A10A-AAFC7674E00D}.Release|x86.ActiveCfg = Release|Win32
		{7E7A5B67-F788-43AD-A10A-AAFC7674E00D}.Release|x86.Build.0 = Release|Win32
	EndGlobalSection
	GlobalSection(SolutionProperties) = preSolution
		HideSolutionNode = FALSE
	EndGlobalSection
	GlobalSection(ExtensibilityGlobals) = postSolution
		SolutionGuid = {B9E67821-D87B-4E3F-8C26-32F1E5D56CD8}
	EndGlobalSection
EndGlobal
