<?xml version="1.0" encoding="utf-8"?>
<Project ToolsVersion="4.0" xmlns="http://schemas.microsoft.com/developer/msbuild/2003">
  <ItemGroup>
    <Filter Include="Source Files">
      <UniqueIdentifier>{4FC737F1-C7A5-4376-A066-2A32D752A2FF}</UniqueIdentifier>
      <Extensions>cpp;c;cc;cxx;c++;cppm;ixx;def;odl;idl;hpj;bat;asm;asmx</Extensions>
    </Filter>
    <Filter Include="Header Files">
      <UniqueIdentifier>{93995380-89BD-4b04-88EB-625FBE52EBFB}</UniqueIdentifier>
      <Extensions>h;hh;hpp;hxx;h++;hm;inl;inc;ipp;xsd</Extensions>
    </Filter>
    <Filter Include="Header Files\Core">
      <UniqueIdentifier>{A1234567-B890-1234-5678-123456789ABC}</UniqueIdentifier>
    </Filter>
    <Filter Include="Header Files\UI">
      <UniqueIdentifier>{B2345678-C901-2345-6789-234567890BCD}</UniqueIdentifier>
    </Filter>
    <Filter Include="Header Files\Providers">
      <UniqueIdentifier>{C3456789-D012-3456-789A-3456789ABCDE}</UniqueIdentifier>
    </Filter>
    <Filter Include="Source Files\Core">
      <UniqueIdentifier>{D4567890-E123-4567-890B-456789ABCDEF}</UniqueIdentifier>
    </Filter>
    <Filter Include="Source Files\UI">
      <UniqueIdentifier>{E5678901-F234-5678-901C-56789ABCDEF0}</UniqueIdentifier>
    </Filter>
    <Filter Include="Source Files\Providers">
      <UniqueIdentifier>{F6789012-A345-6789-012D-6789ABCDEF01}</UniqueIdentifier>
    </Filter>
    <Filter Include="Generated Files">
      <UniqueIdentifier>{71D0D12F-65D1-4A53-A5FC-56A57B6D8B10}</UniqueIdentifier>
    </Filter>
    <Filter Include="Generated Files\ABI Headers">
      <UniqueIdentifier>{A1B2C3D4-E5F6-7890-ABCD-EF1234567890}</UniqueIdentifier>
    </Filter>
  </ItemGroup>
  <ItemGroup>
    <ClCompile Include="main.cpp">
      <Filter>Source Files</Filter>
    </ClCompile>
    <ClCompile Include="Application.cpp">
      <Filter>Source Files\Core</Filter>
    </ClCompile>
    <ClCompile Include="AsyncHandlers.cpp">
      <Filter>Source Files\Core</Filter>
    </ClCompile>
    <ClCompile Include="ConsoleUI.cpp">
      <Filter>Source Files\UI</Filter>
    </ClCompile>
    <ClCompile Include="ExecutionProvider.cpp">
      <Filter>Source Files\Providers</Filter>
    </ClCompile>
    <ClCompile Include="ExecutionProviderCatalog.cpp">
      <Filter>Source Files\Providers</Filter>
    </ClCompile>
  </ItemGroup>
  <ItemGroup>
    <ClInclude Include="Application.h">
      <Filter>Header Files\Core</Filter>
    </ClInclude>
    <ClInclude Include="AbiUtils.h">
      <Filter>Header Files\Core</Filter>
    </ClInclude>
    <ClInclude Include="AsyncHandlers.h">
      <Filter>Header Files\Core</Filter>
    </ClInclude>
    <ClInclude Include="ConsoleUI.h">
      <Filter>Header Files\UI</Filter>
    </ClInclude>
    <ClInclude Include="ExecutionProvider.h">
      <Filter>Header Files\Providers</Filter>
    </ClInclude>
    <ClInclude Include="ExecutionProviderCatalog.h">
      <Filter>Header Files\Providers</Filter>
    </ClInclude>
  </ItemGroup>
  <ItemGroup>
    <None Include="packages.config" />
  </ItemGroup>
</Project>