
Microsoft Visual Studio Solution File, Format Version 12.00
# Visual Studio Version 17
VisualStudioVersion = 17.1.32319.34
MinimumVisualStudioVersion = 10.0.40219.1
Project("{FAE04EC0-301F-11D3-BF4B-00C04F79EFBC}") = "DeploymentManagerSample", "DeploymentManagerSample.csproj", "{5E110463-774A-4C16-B322-5F8839A96F80}"
EndProject
Global
	GlobalSection(SolutionConfigurationPlatforms) = preSolution
		Debug|ARM64 = Debug|ARM64
		Debug|x64 = Debug|x64
		Debug|x86 = Debug|x86
		Release|ARM64 = Release|ARM64
		Release|x64 = Release|x64
		Release|x86 = Release|x86
	EndGlobalSection
	GlobalSection(ProjectConfigurationPlatforms) = postSolution
		{5E110463-774A-4C16-B322-5F8839A96F80}.Debug|ARM64.ActiveCfg = Debug|ARM64
		{5E110463-774A-4C16-B322-5F8839A96F80}.Debug|ARM64.Build.0 = Debug|ARM64
		{5E110463-774A-4C16-B322-5F8839A96F80}.Debug|ARM64.Deploy.0 = Debug|ARM64
		{5E110463-774A-4C16-B322-5F8839A96F80}.Debug|x64.ActiveCfg = Debug|x64
		{5E110463-774A-4C16-B322-5F8839A96F80}.Debug|x64.Build.0 = Debug|x64
		{5E110463-774A-4C16-B322-5F8839A96F80}.Debug|x64.Deploy.0 = Debug|x64
		{5E110463-774A-4C16-B322-5F8839A96F80}.Debug|x86.ActiveCfg = Debug|x86
		{5E110463-774A-4C16-B322-5F8839A96F80}.Debug|x86.Build.0 = Debug|x86
		{5E110463-774A-4C16-B322-5F8839A96F80}.Debug|x86.Deploy.0 = Debug|x86
		{5E110463-774A-4C16-B322-5F8839A96F80}.Release|ARM64.ActiveCfg = Release|ARM64
		{5E110463-774A-4C16-B322-5F8839A96F80}.Release|ARM64.Build.0 = Release|ARM64
		{5E110463-774A-4C16-B322-5F8839A96F80}.Release|ARM64.Deploy.0 = Release|ARM64
		{5E110463-774A-4C16-B322-5F8839A96F80}.Release|x64.ActiveCfg = Release|x64
		{5E110463-774A-4C16-B322-5F8839A96F80}.Release|x64.Build.0 = Release|x64
		{5E110463-774A-4C16-B322-5F8839A96F80}.Release|x64.Deploy.0 = Release|x64
		{5E110463-774A-4C16-B322-5F8839A96F80}.Release|x86.ActiveCfg = Release|x86
		{5E110463-774A-4C16-B322-5F8839A96F80}.Release|x86.Build.0 = Release|x86
		{5E110463-774A-4C16-B322-5F8839A96F80}.Release|x86.Deploy.0 = Release|x86
	EndGlobalSection
	GlobalSection(SolutionProperties) = preSolution
		HideSolutionNode = FALSE
	EndGlobalSection
	GlobalSection(ExtensibilityGlobals) = postSolution
		SolutionGuid = {ECD2F2D4-F251-419E-8894-9B8E3DEABDA0}
	EndGlobalSection
EndGlobal
