
Microsoft Visual Studio Solution File, Format Version 12.00
# Visual Studio Version 16
VisualStudioVersion = 16.0.31702.278
MinimumVisualStudioVersion = 10.0.40219.1
Project("{C7167F0D-BC9F-4E6E-AFE1-012C56B48DB5}") = "SampleApp (Package)", "SampleApp (Package)\SampleApp (Package).wapproj", "{81509950-46B8-4625-8A61-F5135D9A9C56}"
EndProject
Project("{FAE04EC0-301F-11D3-BF4B-00C04F79EFBC}") = "SampleApp", "SampleApp\SampleApp.csproj", "{E25B6383-492E-416C-8317-D4327B42CB41}"
EndProject
Global
	GlobalSection(SolutionConfigurationPlatforms) = preSolution
		Debug|arm64 = Debug|arm64
		Debug|x64 = Debug|x64
		Debug|x86 = Debug|x86
		Release|arm64 = Release|arm64
		Release|x64 = Release|x64
		Release|x86 = Release|x86
	EndGlobalSection
	GlobalSection(ProjectConfigurationPlatforms) = postSolution
		{81509950-46B8-4625-8A61-F5135D9A9C56}.Debug|arm64.ActiveCfg = Debug|arm64
		{81509950-46B8-4625-8A61-F5135D9A9C56}.Debug|arm64.Build.0 = Debug|arm64
		{81509950-46B8-4625-8A61-F5135D9A9C56}.Debug|arm64.Deploy.0 = Debug|arm64
		{81509950-46B8-4625-8A61-F5135D9A9C56}.Debug|x64.ActiveCfg = Debug|x64
		{81509950-46B8-4625-8A61-F5135D9A9C56}.Debug|x64.Build.0 = Debug|x64
		{81509950-46B8-4625-8A61-F5135D9A9C56}.Debug|x64.Deploy.0 = Debug|x64
		{81509950-46B8-4625-8A61-F5135D9A9C56}.Debug|x86.ActiveCfg = Debug|x86
		{81509950-46B8-4625-8A61-F5135D9A9C56}.Debug|x86.Build.0 = Debug|x86
		{81509950-46B8-4625-8A61-F5135D9A9C56}.Debug|x86.Deploy.0 = Debug|x86
		{81509950-46B8-4625-8A61-F5135D9A9C56}.Release|arm64.ActiveCfg = Release|arm64
		{81509950-46B8-4625-8A61-F5135D9A9C56}.Release|arm64.Build.0 = Release|arm64
		{81509950-46B8-4625-8A61-F5135D9A9C56}.Release|arm64.Deploy.0 = Release|arm64
		{81509950-46B8-4625-8A61-F5135D9A9C56}.Release|x64.ActiveCfg = Release|x64
		{81509950-46B8-4625-8A61-F5135D9A9C56}.Release|x64.Build.0 = Release|x64
		{81509950-46B8-4625-8A61-F5135D9A9C56}.Release|x64.Deploy.0 = Release|x64
		{81509950-46B8-4625-8A61-F5135D9A9C56}.Release|x86.ActiveCfg = Release|x86
		{81509950-46B8-4625-8A61-F5135D9A9C56}.Release|x86.Build.0 = Release|x86
		{81509950-46B8-4625-8A61-F5135D9A9C56}.Release|x86.Deploy.0 = Release|x86
		{E25B6383-492E-416C-8317-D4327B42CB41}.Debug|arm64.ActiveCfg = Debug|arm64
		{E25B6383-492E-416C-8317-D4327B42CB41}.Debug|arm64.Build.0 = Debug|arm64
		{E25B6383-492E-416C-8317-D4327B42CB41}.Debug|x64.ActiveCfg = Debug|x64
		{E25B6383-492E-416C-8317-D4327B42CB41}.Debug|x64.Build.0 = Debug|x64
		{E25B6383-492E-416C-8317-D4327B42CB41}.Debug|x86.ActiveCfg = Debug|x86
		{E25B6383-492E-416C-8317-D4327B42CB41}.Debug|x86.Build.0 = Debug|x86
		{E25B6383-492E-416C-8317-D4327B42CB41}.Release|arm64.ActiveCfg = Release|arm64
		{E25B6383-492E-416C-8317-D4327B42CB41}.Release|arm64.Build.0 = Release|arm64
		{E25B6383-492E-416C-8317-D4327B42CB41}.Release|x64.ActiveCfg = Release|x64
		{E25B6383-492E-416C-8317-D4327B42CB41}.Release|x64.Build.0 = Release|x64
		{E25B6383-492E-416C-8317-D4327B42CB41}.Release|x86.ActiveCfg = Release|x86
		{E25B6383-492E-416C-8317-D4327B42CB41}.Release|x86.Build.0 = Release|x86
	EndGlobalSection
	GlobalSection(SolutionProperties) = preSolution
		HideSolutionNode = FALSE
	EndGlobalSection
	GlobalSection(ExtensibilityGlobals) = postSolution
		SolutionGuid = {1B1960C3-982D-4CC6-BE70-93FF9A2463A1}
	EndGlobalSection
EndGlobal
