
Microsoft Visual Studio Solution File, Format Version 12.00
# Visual Studio Version 17
VisualStudioVersion = 17.1.32104.313
MinimumVisualStudioVersion = 10.0.40219.1
Project("{9A19103F-16F7-4668-BE54-9A1E7A4F7556}") = "WindowsAISample", "WindowsAISample.csproj", "{507D3E08-429E-4EF1-ACE0-45F03D259B75}"
EndProject
Project("{2150E333-8FDC-42A3-9474-1A3956D46DE8}") = "Shared", "Shared", "{4F52FD11-658E-A102-6CD3-7D7C16FFA15B}"
EndProject
Project("{FAE04EC0-301F-11D3-BF4B-00C04F79EFBC}") = "WindowsAISample.Shared", "Shared\WindowsAISample.Shared.csproj", "{F2AF4B2F-91B2-4201-8E3B-D2784B26666E}"
EndProject
Project("{2150E333-8FDC-42A3-9474-1A3956D46DE8}") = "Extensions", "Extensions", "{BE133D91-034E-1084-498B-FF24C4084A55}"
EndProject
Project("{2150E333-8FDC-42A3-9474-1A3956D46DE8}") = "VideoScaler", "VideoScaler", "{156256AE-835B-B4EF-BEEE-864035F99269}"
EndProject
Project("{FAE04EC0-301F-11D3-BF4B-00C04F79EFBC}") = "WindowsAISample.Ext.VideoScaler", "Extensions\VideoScaler\WindowsAISample.Ext.VideoScaler.csproj", "{BA45B605-1D62-4A40-B156-42173F4FC1E5}"
EndProject
Project("{2150E333-8FDC-42A3-9474-1A3956D46DE8}") = "ImageForegroundExtractor", "ImageForegroundExtractor", "{462854E2-632F-6CF7-3DE8-A78A4920515F}"
EndProject
Project("{FAE04EC0-301F-11D3-BF4B-00C04F79EFBC}") = "WindowsAISample.Ext.ImageForegroundExtractor", "Extensions\ImageForegroundExtractor\WindowsAISample.Ext.ImageForegroundExtractor.csproj", "{41766863-2078-4CA1-AC9F-1841E5339968}"
EndProject
Global
	GlobalSection(SolutionConfigurationPlatforms) = preSolution
		Debug|ARM64 = Debug|ARM64
		Debug|x64 = Debug|x64
		Debug|x86 = Debug|x86
		Debug|Any CPU = Debug|Any CPU
		Release|ARM64 = Release|ARM64
		Release|x64 = Release|x64
		Release|x86 = Release|x86
		Release|Any CPU = Release|Any CPU
	EndGlobalSection
	GlobalSection(ProjectConfigurationPlatforms) = postSolution
		{507D3E08-429E-4EF1-ACE0-45F03D259B75}.Debug|ARM64.ActiveCfg = Debug|ARM64
		{507D3E08-429E-4EF1-ACE0-45F03D259B75}.Debug|ARM64.Build.0 = Debug|ARM64
		{507D3E08-429E-4EF1-ACE0-45F03D259B75}.Debug|ARM64.Deploy.0 = Debug|ARM64
		{507D3E08-429E-4EF1-ACE0-45F03D259B75}.Debug|x64.ActiveCfg = Debug|x64
		{507D3E08-429E-4EF1-ACE0-45F03D259B75}.Debug|x64.Build.0 = Debug|x64
		{507D3E08-429E-4EF1-ACE0-45F03D259B75}.Debug|x64.Deploy.0 = Debug|x64
		{507D3E08-429E-4EF1-ACE0-45F03D259B75}.Debug|x86.ActiveCfg = Debug|x86
		{507D3E08-429E-4EF1-ACE0-45F03D259B75}.Debug|x86.Build.0 = Debug|x86
		{507D3E08-429E-4EF1-ACE0-45F03D259B75}.Debug|Any CPU.ActiveCfg = Debug|Any CPU
		{507D3E08-429E-4EF1-ACE0-45F03D259B75}.Debug|Any CPU.Build.0 = Debug|Any CPU
		{507D3E08-429E-4EF1-ACE0-45F03D259B75}.Release|ARM64.ActiveCfg = Release|ARM64
		{507D3E08-429E-4EF1-ACE0-45F03D259B75}.Release|ARM64.Build.0 = Release|ARM64
		{507D3E08-429E-4EF1-ACE0-45F03D259B75}.Release|ARM64.Deploy.0 = Release|ARM64
		{507D3E08-429E-4EF1-ACE0-45F03D259B75}.Release|x64.ActiveCfg = Release|x64
		{507D3E08-429E-4EF1-ACE0-45F03D259B75}.Release|x64.Build.0 = Release|x64
		{507D3E08-429E-4EF1-ACE0-45F03D259B75}.Release|x64.Deploy.0 = Release|x64
		{507D3E08-429E-4EF1-ACE0-45F03D259B75}.Release|x86.ActiveCfg = Release|x86
		{507D3E08-429E-4EF1-ACE0-45F03D259B75}.Release|x86.Build.0 = Release|x86
		{507D3E08-429E-4EF1-ACE0-45F03D259B75}.Release|Any CPU.ActiveCfg = Release|Any CPU
		{507D3E08-429E-4EF1-ACE0-45F03D259B75}.Release|Any CPU.Build.0 = Release|Any CPU
		{F2AF4B2F-91B2-4201-8E3B-D2784B26666E}.Debug|ARM64.ActiveCfg = Debug|ARM64
		{F2AF4B2F-91B2-4201-8E3B-D2784B26666E}.Debug|ARM64.Build.0 = Debug|ARM64
		{F2AF4B2F-91B2-4201-8E3B-D2784B26666E}.Debug|x64.ActiveCfg = Debug|x64
		{F2AF4B2F-91B2-4201-8E3B-D2784B26666E}.Debug|x64.Build.0 = Debug|x64
		{F2AF4B2F-91B2-4201-8E3B-D2784B26666E}.Debug|x86.ActiveCfg = Debug|x86
		{F2AF4B2F-91B2-4201-8E3B-D2784B26666E}.Debug|x86.Build.0 = Debug|x86
		{F2AF4B2F-91B2-4201-8E3B-D2784B26666E}.Debug|Any CPU.ActiveCfg = Debug|x86
		{F2AF4B2F-91B2-4201-8E3B-D2784B26666E}.Debug|Any CPU.Build.0 = Debug|x86
		{F2AF4B2F-91B2-4201-8E3B-D2784B26666E}.Release|ARM64.ActiveCfg = Release|ARM64
		{F2AF4B2F-91B2-4201-8E3B-D2784B26666E}.Release|ARM64.Build.0 = Release|ARM64
		{F2AF4B2F-91B2-4201-8E3B-D2784B26666E}.Release|x64.ActiveCfg = Release|x64
		{F2AF4B2F-91B2-4201-8E3B-D2784B26666E}.Release|x64.Build.0 = Release|x64
		{F2AF4B2F-91B2-4201-8E3B-D2784B26666E}.Release|x86.ActiveCfg = Release|x86
		{F2AF4B2F-91B2-4201-8E3B-D2784B26666E}.Release|x86.Build.0 = Release|x86
		{F2AF4B2F-91B2-4201-8E3B-D2784B26666E}.Release|Any CPU.ActiveCfg = Release|x86
		{F2AF4B2F-91B2-4201-8E3B-D2784B26666E}.Release|Any CPU.Build.0 = Release|x86
		{BA45B605-1D62-4A40-B156-42173F4FC1E5}.Debug|ARM64.ActiveCfg = Debug|ARM64
		{BA45B605-1D62-4A40-B156-42173F4FC1E5}.Debug|ARM64.Build.0 = Debug|ARM64
		{BA45B605-1D62-4A40-B156-42173F4FC1E5}.Debug|x64.ActiveCfg = Debug|x64
		{BA45B605-1D62-4A40-B156-42173F4FC1E5}.Debug|x64.Build.0 = Debug|x64
		{BA45B605-1D62-4A40-B156-42173F4FC1E5}.Debug|x86.ActiveCfg = Debug|x86
		{BA45B605-1D62-4A40-B156-42173F4FC1E5}.Debug|x86.Build.0 = Debug|x86
		{BA45B605-1D62-4A40-B156-42173F4FC1E5}.Debug|Any CPU.ActiveCfg = Debug|x86
		{BA45B605-1D62-4A40-B156-42173F4FC1E5}.Debug|Any CPU.Build.0 = Debug|x86
		{BA45B605-1D62-4A40-B156-42173F4FC1E5}.Release|ARM64.ActiveCfg = Release|ARM64
		{BA45B605-1D62-4A40-B156-42173F4FC1E5}.Release|ARM64.Build.0 = Release|ARM64
		{BA45B605-1D62-4A40-B156-42173F4FC1E5}.Release|x64.ActiveCfg = Release|x64
		{BA45B605-1D62-4A40-B156-42173F4FC1E5}.Release|x64.Build.0 = Release|x64
		{BA45B605-1D62-4A40-B156-42173F4FC1E5}.Release|x86.ActiveCfg = Release|x86
		{BA45B605-1D62-4A40-B156-42173F4FC1E5}.Release|x86.Build.0 = Release|x86
		{BA45B605-1D62-4A40-B156-42173F4FC1E5}.Release|Any CPU.ActiveCfg = Release|x86
		{BA45B605-1D62-4A40-B156-42173F4FC1E5}.Release|Any CPU.Build.0 = Release|x86
		{41766863-2078-4CA1-AC9F-1841E5339968}.Debug|ARM64.ActiveCfg = Debug|ARM64
		{41766863-2078-4CA1-AC9F-1841E5339968}.Debug|ARM64.Build.0 = Debug|ARM64
		{41766863-2078-4CA1-AC9F-1841E5339968}.Debug|x64.ActiveCfg = Debug|x64
		{41766863-2078-4CA1-AC9F-1841E5339968}.Debug|x64.Build.0 = Debug|x64
		{41766863-2078-4CA1-AC9F-1841E5339968}.Debug|x86.ActiveCfg = Debug|x86
		{41766863-2078-4CA1-AC9F-1841E5339968}.Debug|x86.Build.0 = Debug|x86
		{41766863-2078-4CA1-AC9F-1841E5339968}.Debug|Any CPU.ActiveCfg = Debug|x86
		{41766863-2078-4CA1-AC9F-1841E5339968}.Debug|Any CPU.Build.0 = Debug|x86
		{41766863-2078-4CA1-AC9F-1841E5339968}.Release|ARM64.ActiveCfg = Release|ARM64
		{41766863-2078-4CA1-AC9F-1841E5339968}.Release|ARM64.Build.0 = Release|ARM64
		{41766863-2078-4CA1-AC9F-1841E5339968}.Release|x64.ActiveCfg = Release|x64
		{41766863-2078-4CA1-AC9F-1841E5339968}.Release|x64.Build.0 = Release|x64
		{41766863-2078-4CA1-AC9F-1841E5339968}.Release|x86.ActiveCfg = Release|x86
		{41766863-2078-4CA1-AC9F-1841E5339968}.Release|x86.Build.0 = Release|x86
		{41766863-2078-4CA1-AC9F-1841E5339968}.Release|Any CPU.ActiveCfg = Release|x86
		{41766863-2078-4CA1-AC9F-1841E5339968}.Release|Any CPU.Build.0 = Release|x86
	EndGlobalSection
	GlobalSection(SolutionProperties) = preSolution
		HideSolutionNode = FALSE
	EndGlobalSection
	GlobalSection(NestedProjects) = preSolution
		{F2AF4B2F-91B2-4201-8E3B-D2784B26666E} = {4F52FD11-658E-A102-6CD3-7D7C16FFA15B}
		{156256AE-835B-B4EF-BEEE-864035F99269} = {BE133D91-034E-1084-498B-FF24C4084A55}
		{BA45B605-1D62-4A40-B156-42173F4FC1E5} = {156256AE-835B-B4EF-BEEE-864035F99269}
		{462854E2-632F-6CF7-3DE8-A78A4920515F} = {BE133D91-034E-1084-498B-FF24C4084A55}
		{41766863-2078-4CA1-AC9F-1841E5339968} = {462854E2-632F-6CF7-3DE8-A78A4920515F}
	EndGlobalSection
	GlobalSection(ExtensibilityGlobals) = postSolution
		SolutionGuid = {B67B367D-1997-4945-BCB2-1F635D87DDA0}
	EndGlobalSection
EndGlobal
