
Microsoft Visual Studio Solution File, Format Version 12.00
# Visual Studio Version 17
VisualStudioVersion = 17.1.32228.430
MinimumVisualStudioVersion = 10.0.40219.1
Project("{FAE04EC0-301F-11D3-BF4B-00C04F79EFBC}") = "MyFeatureName1", "MyFeatureName1.csproj", "{1A8EE928-3DAD-4CDE-9FD5-C5525EC2E396}"
EndProject
Global
	GlobalSection(SolutionConfigurationPlatforms) = preSolution
		Debug|arm64 = Debug|arm64
		Debug|x64 = Debug|x64
		Debug|x86 = Debug|x86
		Release|arm64 = Release|arm64
		Release|x64 = Release|x64
		Release|x86 = Release|x86
	EndGlobalSection
	GlobalSection(ProjectConfigurationPlatforms) = postSolution
		{1A8EE928-3DAD-4CDE-9FD5-C5525EC2E396}.Debug|arm64.ActiveCfg = Debug|arm64
		{1A8EE928-3DAD-4CDE-9FD5-C5525EC2E396}.Debug|arm64.Build.0 = Debug|arm64
		{1A8EE928-3DAD-4CDE-9FD5-C5525EC2E396}.Debug|arm64.Deploy.0 = Debug|arm64
		{1A8EE928-3DAD-4CDE-9FD5-C5525EC2E396}.Debug|x64.ActiveCfg = Debug|x64
		{1A8EE928-3DAD-4CDE-9FD5-C5525EC2E396}.Debug|x64.Build.0 = Debug|x64
		{1A8EE928-3DAD-4CDE-9FD5-C5525EC2E396}.Debug|x64.Deploy.0 = Debug|x64
		{1A8EE928-3DAD-4CDE-9FD5-C5525EC2E396}.Debug|x86.ActiveCfg = Debug|x86
		{1A8EE928-3DAD-4CDE-9FD5-C5525EC2E396}.Debug|x86.Build.0 = Debug|x86
		{1A8EE928-3DAD-4CDE-9FD5-C5525EC2E396}.Debug|x86.Deploy.0 = Debug|x86
		{1A8EE928-3DAD-4CDE-9FD5-C5525EC2E396}.Release|arm64.ActiveCfg = Release|arm64
		{1A8EE928-3DAD-4CDE-9FD5-C5525EC2E396}.Release|arm64.Build.0 = Release|arm64
		{1A8EE928-3DAD-4CDE-9FD5-C5525EC2E396}.Release|arm64.Deploy.0 = Release|arm64
		{1A8EE928-3DAD-4CDE-9FD5-C5525EC2E396}.Release|x64.ActiveCfg = Release|x64
		{1A8EE928-3DAD-4CDE-9FD5-C5525EC2E396}.Release|x64.Build.0 = Release|x64
		{1A8EE928-3DAD-4CDE-9FD5-C5525EC2E396}.Release|x64.Deploy.0 = Release|x64
		{1A8EE928-3DAD-4CDE-9FD5-C5525EC2E396}.Release|x86.ActiveCfg = Release|x86
		{1A8EE928-3DAD-4CDE-9FD5-C5525EC2E396}.Release|x86.Build.0 = Release|x86
		{1A8EE928-3DAD-4CDE-9FD5-C5525EC2E396}.Release|x86.Deploy.0 = Release|x86
	EndGlobalSection
	GlobalSection(SolutionProperties) = preSolution
		HideSolutionNode = FALSE
	EndGlobalSection
	GlobalSection(ExtensibilityGlobals) = postSolution
		SolutionGuid = {438BFE6C-C2EE-4C60-973A-81410D89B340}
	EndGlobalSection
EndGlobal
