Microsoft Visual Studio Solution File, Format Version 12.00
# Visual Studio Version 17
VisualStudioVersion = 17.0.31903.59
MinimumVisualStudioVersion = 10.0.40219.1
Project("{2150E333-8FDC-42A3-9474-1A3956D46DE8}") = "cs", "cs", "{E8F2C4D6-9A7B-4E5C-8D3A-1F6B9E2A7C5D}"
EndProject
Project("{2150E333-8FDC-42A3-9474-1A3956D46DE8}") = "cpp", "cpp", "{A3B7D9E1-5C2F-4A8B-9E6D-3F7A1B8C5E9F}"
EndProject
Project("{2150E333-8FDC-42A3-9474-1A3956D46DE8}") = "cs-winui", "cs-winui", "{F9A4C7E2-8D5B-4F3A-A1E6-7B9C2D5F8A3E}"
EndProject
Project("{2150E333-8FDC-42A3-9474-1A3956D46DE8}") = "cs-winforms", "cs-winforms", "{B6E9A2D5-4C8F-4B7A-9F3E-5A8C1E4B7D9A}"
EndProject
Project("{2150E333-8FDC-42A3-9474-1A3956D46DE8}") = "cs-wpf", "cs-wpf", "{D8F3A6C1-7E2B-4A9F-8C5D-2E6A9B3F5C8A}"
EndProject
Project("{2150E333-8FDC-42A3-9474-1A3956D46DE8}") = "CppConsoleDll", "CppConsoleDll", "{C5A8E1F4-3B7D-4F6A-8E2C-9A5B3E7F1C4A}"
EndProject
Project("{9A19103F-16F7-4668-BE54-9A1E7A4F7556}") = "CSharpConsoleDesktop", "cs\CSharpConsoleDesktop\CSharpConsoleDesktop\CSharpConsoleDesktop.csproj", "{A2658DB3-E9DE-4E76-8AD4-C726EFEA6969}"
EndProject
Project("{8BC9CEB8-8B4A-11D0-8D11-00A0C91BC942}") = "CppConsoleDesktop", "cpp\CppConsoleDesktop\CppConsoleDesktop.vcxproj", "{1341505B-863B-4DF5-9A43-B84A635D1AE9}"
EndProject
Project("{8BC9CEB8-8B4A-11D0-8D11-00A0C91BC942}") = "WindowsMLWrapper", "cpp\CppConsoleDll\WindowsMLWrapper\WindowsMLWrapper.vcxproj", "{B8F65F4C-1234-4567-8901-123456789ABC}"
EndProject
Project("{8BC9CEB8-8B4A-11D0-8D11-00A0C91BC942}") = "ConsoleClient", "cpp\CppConsoleDll\ConsoleClient\ConsoleClient.vcxproj", "{A1B2C3D4-5678-9012-3456-789012345678}"
EndProject
Project("{9A19103F-16F7-4668-BE54-9A1E7A4F7556}") = "WindowsMLSample", "cs-winui\WindowsMLSample.csproj", "{C9BD7502-33EE-4826-A6D5-2F6B4AC90346}"
EndProject
Project("{9A19103F-16F7-4668-BE54-9A1E7A4F7556}") = "WindowsMLWinFormsSample", "cs-winforms\WindowsMLWinFormsSample.csproj", "{F5381E31-4C91-422C-8E60-0F63265BF4B5}"
EndProject
Project("{8BC9CEB8-8B4A-11D0-8D11-00A0C91BC942}") = "CppConsoleDesktop.FrameworkDependent", "cpp\CppConsoleDesktop.FrameworkDependent\CppConsoleDesktop.FrameworkDependent.vcxproj", "{3341505B-863B-4DF5-9A43-B84A635D1AE9}"
EndProject
Project("{8BC9CEB8-8B4A-11D0-8D11-00A0C91BC942}") = "CppConsoleDesktop.SelfContained", "cpp\CppConsoleDesktop.SelfContained\CppConsoleDesktop.SelfContained.vcxproj", "{2341505B-863B-4DF5-9A43-B84A635D1AE9}"
EndProject
Project("{9A19103F-16F7-4668-BE54-9A1E7A4F7556}") = "WindowsMLSampleForWPF", "cs-wpf\WindowsMLSampleForWPF.csproj", "{E6A9B3F5-C8D1-4E7F-9A2E-5C8F1B4D7A9E}"
EndProject
Global
	GlobalSection(SolutionConfigurationPlatforms) = preSolution
		Debug|ARM64 = Debug|ARM64
		Debug|x64 = Debug|x64
		Release|ARM64 = Release|ARM64
		Release|x64 = Release|x64
	EndGlobalSection
	GlobalSection(ProjectConfigurationPlatforms) = postSolution
		{A2658DB3-E9DE-4E76-8AD4-C726EFEA6969}.Debug|ARM64.ActiveCfg = Debug|ARM64
		{A2658DB3-E9DE-4E76-8AD4-C726EFEA6969}.Debug|ARM64.Build.0 = Debug|ARM64
		{A2658DB3-E9DE-4E76-8AD4-C726EFEA6969}.Debug|x64.ActiveCfg = Debug|x64
		{A2658DB3-E9DE-4E76-8AD4-C726EFEA6969}.Debug|x64.Build.0 = Debug|x64
		{A2658DB3-E9DE-4E76-8AD4-C726EFEA6969}.Release|ARM64.ActiveCfg = Release|ARM64
		{A2658DB3-E9DE-4E76-8AD4-C726EFEA6969}.Release|ARM64.Build.0 = Release|ARM64
		{A2658DB3-E9DE-4E76-8AD4-C726EFEA6969}.Release|x64.ActiveCfg = Release|x64
		{A2658DB3-E9DE-4E76-8AD4-C726EFEA6969}.Release|x64.Build.0 = Release|x64
		{1341505B-863B-4DF5-9A43-B84A635D1AE9}.Debug|ARM64.ActiveCfg = Debug|ARM64
		{1341505B-863B-4DF5-9A43-B84A635D1AE9}.Debug|ARM64.Build.0 = Debug|ARM64
		{1341505B-863B-4DF5-9A43-B84A635D1AE9}.Debug|x64.ActiveCfg = Debug|x64
		{1341505B-863B-4DF5-9A43-B84A635D1AE9}.Debug|x64.Build.0 = Debug|x64
		{1341505B-863B-4DF5-9A43-B84A635D1AE9}.Release|ARM64.ActiveCfg = Release|ARM64
		{1341505B-863B-4DF5-9A43-B84A635D1AE9}.Release|ARM64.Build.0 = Release|ARM64
		{1341505B-863B-4DF5-9A43-B84A635D1AE9}.Release|x64.ActiveCfg = Release|x64
		{1341505B-863B-4DF5-9A43-B84A635D1AE9}.Release|x64.Build.0 = Release|x64
		{B8F65F4C-1234-4567-8901-123456789ABC}.Debug|ARM64.ActiveCfg = Debug|ARM64
		{B8F65F4C-1234-4567-8901-123456789ABC}.Debug|ARM64.Build.0 = Debug|ARM64
		{B8F65F4C-1234-4567-8901-123456789ABC}.Debug|x64.ActiveCfg = Debug|x64
		{B8F65F4C-1234-4567-8901-123456789ABC}.Debug|x64.Build.0 = Debug|x64
		{B8F65F4C-1234-4567-8901-123456789ABC}.Release|ARM64.ActiveCfg = Release|ARM64
		{B8F65F4C-1234-4567-8901-123456789ABC}.Release|ARM64.Build.0 = Release|ARM64
		{B8F65F4C-1234-4567-8901-123456789ABC}.Release|x64.ActiveCfg = Release|x64
		{B8F65F4C-1234-4567-8901-123456789ABC}.Release|x64.Build.0 = Release|x64
		{A1B2C3D4-5678-9012-3456-789012345678}.Debug|ARM64.ActiveCfg = Debug|ARM64
		{A1B2C3D4-5678-9012-3456-789012345678}.Debug|ARM64.Build.0 = Debug|ARM64
		{A1B2C3D4-5678-9012-3456-789012345678}.Debug|x64.ActiveCfg = Debug|x64
		{A1B2C3D4-5678-9012-3456-789012345678}.Debug|x64.Build.0 = Debug|x64
		{A1B2C3D4-5678-9012-3456-789012345678}.Release|ARM64.ActiveCfg = Release|ARM64
		{A1B2C3D4-5678-9012-3456-789012345678}.Release|ARM64.Build.0 = Release|ARM64
		{A1B2C3D4-5678-9012-3456-789012345678}.Release|x64.ActiveCfg = Release|x64
		{A1B2C3D4-5678-9012-3456-789012345678}.Release|x64.Build.0 = Release|x64
		{C9BD7502-33EE-4826-A6D5-2F6B4AC90346}.Debug|ARM64.ActiveCfg = Debug|ARM64
		{C9BD7502-33EE-4826-A6D5-2F6B4AC90346}.Debug|ARM64.Build.0 = Debug|ARM64
		{C9BD7502-33EE-4826-A6D5-2F6B4AC90346}.Debug|x64.ActiveCfg = Debug|x64
		{C9BD7502-33EE-4826-A6D5-2F6B4AC90346}.Debug|x64.Build.0 = Debug|x64
		{C9BD7502-33EE-4826-A6D5-2F6B4AC90346}.Release|ARM64.ActiveCfg = Release|ARM64
		{C9BD7502-33EE-4826-A6D5-2F6B4AC90346}.Release|ARM64.Build.0 = Release|ARM64
		{C9BD7502-33EE-4826-A6D5-2F6B4AC90346}.Release|x64.ActiveCfg = Release|x64
		{C9BD7502-33EE-4826-A6D5-2F6B4AC90346}.Release|x64.Build.0 = Release|x64
		{F5381E31-4C91-422C-8E60-0F63265BF4B5}.Debug|ARM64.ActiveCfg = Debug|ARM64
		{F5381E31-4C91-422C-8E60-0F63265BF4B5}.Debug|ARM64.Build.0 = Debug|ARM64
		{F5381E31-4C91-422C-8E60-0F63265BF4B5}.Debug|x64.ActiveCfg = Debug|x64
		{F5381E31-4C91-422C-8E60-0F63265BF4B5}.Debug|x64.Build.0 = Debug|x64
		{F5381E31-4C91-422C-8E60-0F63265BF4B5}.Release|ARM64.ActiveCfg = Release|ARM64
		{F5381E31-4C91-422C-8E60-0F63265BF4B5}.Release|ARM64.Build.0 = Release|ARM64
		{F5381E31-4C91-422C-8E60-0F63265BF4B5}.Release|x64.ActiveCfg = Release|x64
		{F5381E31-4C91-422C-8E60-0F63265BF4B5}.Release|x64.Build.0 = Release|x64
		{3341505B-863B-4DF5-9A43-B84A635D1AE9}.Debug|ARM64.ActiveCfg = Debug|ARM64
		{3341505B-863B-4DF5-9A43-B84A635D1AE9}.Debug|ARM64.Build.0 = Debug|ARM64
		{3341505B-863B-4DF5-9A43-B84A635D1AE9}.Debug|x64.ActiveCfg = Debug|x64
		{3341505B-863B-4DF5-9A43-B84A635D1AE9}.Debug|x64.Build.0 = Debug|x64
		{3341505B-863B-4DF5-9A43-B84A635D1AE9}.Release|ARM64.ActiveCfg = Release|ARM64
		{3341505B-863B-4DF5-9A43-B84A635D1AE9}.Release|ARM64.Build.0 = Release|ARM64
		{3341505B-863B-4DF5-9A43-B84A635D1AE9}.Release|x64.ActiveCfg = Release|x64
		{3341505B-863B-4DF5-9A43-B84A635D1AE9}.Release|x64.Build.0 = Release|x64
		{2341505B-863B-4DF5-9A43-B84A635D1AE9}.Debug|ARM64.ActiveCfg = Debug|ARM64
		{2341505B-863B-4DF5-9A43-B84A635D1AE9}.Debug|ARM64.Build.0 = Debug|ARM64
		{2341505B-863B-4DF5-9A43-B84A635D1AE9}.Debug|x64.ActiveCfg = Debug|x64
		{2341505B-863B-4DF5-9A43-B84A635D1AE9}.Debug|x64.Build.0 = Debug|x64
		{2341505B-863B-4DF5-9A43-B84A635D1AE9}.Release|ARM64.ActiveCfg = Release|ARM64
		{2341505B-863B-4DF5-9A43-B84A635D1AE9}.Release|ARM64.Build.0 = Release|ARM64
		{2341505B-863B-4DF5-9A43-B84A635D1AE9}.Release|x64.ActiveCfg = Release|x64
		{2341505B-863B-4DF5-9A43-B84A635D1AE9}.Release|x64.Build.0 = Release|x64
		{E6A9B3F5-C8D1-4E7F-9A2E-5C8F1B4D7A9E}.Debug|ARM64.ActiveCfg = Debug|ARM64
		{E6A9B3F5-C8D1-4E7F-9A2E-5C8F1B4D7A9E}.Debug|ARM64.Build.0 = Debug|ARM64
		{E6A9B3F5-C8D1-4E7F-9A2E-5C8F1B4D7A9E}.Debug|x64.ActiveCfg = Debug|x64
		{E6A9B3F5-C8D1-4E7F-9A2E-5C8F1B4D7A9E}.Debug|x64.Build.0 = Debug|x64
		{E6A9B3F5-C8D1-4E7F-9A2E-5C8F1B4D7A9E}.Release|ARM64.ActiveCfg = Release|ARM64
		{E6A9B3F5-C8D1-4E7F-9A2E-5C8F1B4D7A9E}.Release|ARM64.Build.0 = Release|ARM64
		{E6A9B3F5-C8D1-4E7F-9A2E-5C8F1B4D7A9E}.Release|x64.ActiveCfg = Release|x64
		{E6A9B3F5-C8D1-4E7F-9A2E-5C8F1B4D7A9E}.Release|x64.Build.0 = Release|x64
	EndGlobalSection
	GlobalSection(SolutionProperties) = preSolution
		HideSolutionNode = FALSE
	EndGlobalSection
	GlobalSection(NestedProjects) = preSolution
		{C5A8E1F4-3B7D-4F6A-8E2C-9A5B3E7F1C4A} = {A3B7D9E1-5C2F-4A8B-9E6D-3F7A1B8C5E9F}
		{A2658DB3-E9DE-4E76-8AD4-C726EFEA6969} = {E8F2C4D6-9A7B-4E5C-8D3A-1F6B9E2A7C5D}
		{1341505B-863B-4DF5-9A43-B84A635D1AE9} = {A3B7D9E1-5C2F-4A8B-9E6D-3F7A1B8C5E9F}
		{B8F65F4C-1234-4567-8901-123456789ABC} = {C5A8E1F4-3B7D-4F6A-8E2C-9A5B3E7F1C4A}
		{A1B2C3D4-5678-9012-3456-789012345678} = {C5A8E1F4-3B7D-4F6A-8E2C-9A5B3E7F1C4A}
		{C9BD7502-33EE-4826-A6D5-2F6B4AC90346} = {F9A4C7E2-8D5B-4F3A-A1E6-7B9C2D5F8A3E}
		{F5381E31-4C91-422C-8E60-0F63265BF4B5} = {B6E9A2D5-4C8F-4B7A-9F3E-5A8C1E4B7D9A}
		{3341505B-863B-4DF5-9A43-B84A635D1AE9} = {A3B7D9E1-5C2F-4A8B-9E6D-3F7A1B8C5E9F}
		{2341505B-863B-4DF5-9A43-B84A635D1AE9} = {A3B7D9E1-5C2F-4A8B-9E6D-3F7A1B8C5E9F}
		{E6A9B3F5-C8D1-4E7F-9A2E-5C8F1B4D7A9E} = {D8F3A6C1-7E2B-4A9F-8C5D-2E6A9B3F5C8A}
	EndGlobalSection
	GlobalSection(ExtensibilityGlobals) = postSolution
		SolutionGuid = {12345678-1234-5678-9ABC-123456789012}
	EndGlobalSection
EndGlobal
