
Microsoft Visual Studio Solution File, Format Version 12.00
# Visual Studio Version 16
VisualStudioVersion = 16.0.31624.102
MinimumVisualStudioVersion = 10.0.40219.1
Project("{C7167F0D-BC9F-4E6E-AFE1-012C56B48DB5}") = "CsWinUiDesktopState (Package)", "CsWinUiDesktopState\CsWinUiDesktopState (Package)\CsWinUiDesktopState (Package).wapproj", "{96F90BE4-707B-4BC3-AF95-905EA75904E9}"
EndProject
Project("{FAE04EC0-301F-11D3-BF4B-00C04F79EFBC}") = "CsWinUiDesktopState", "CsWinUiDesktopState\CsWinUiDesktopState\CsWinUiDesktopState.csproj", "{2163900D-B323-4EA5-871B-93AD6E0564DB}"
EndProject
Global
	GlobalSection(SolutionConfigurationPlatforms) = preSolution
		Debug|ARM64 = Debug|ARM64
		Debug|x64 = Debug|x64
		Debug|x86 = Debug|x86
		Release|ARM64 = Release|ARM64
		Release|x64 = Release|x64
		Release|x86 = Release|x86
	EndGlobalSection
	GlobalSection(ProjectConfigurationPlatforms) = postSolution
		{96F90BE4-707B-4BC3-AF95-905EA75904E9}.Debug|ARM64.ActiveCfg = Debug|ARM64
		{96F90BE4-707B-4BC3-AF95-905EA75904E9}.Debug|ARM64.Build.0 = Debug|ARM64
		{96F90BE4-707B-4BC3-AF95-905EA75904E9}.Debug|ARM64.Deploy.0 = Debug|ARM64
		{96F90BE4-707B-4BC3-AF95-905EA75904E9}.Debug|x64.ActiveCfg = Debug|x64
		{96F90BE4-707B-4BC3-AF95-905EA75904E9}.Debug|x64.Build.0 = Debug|x64
		{96F90BE4-707B-4BC3-AF95-905EA75904E9}.Debug|x64.Deploy.0 = Debug|x64
		{96F90BE4-707B-4BC3-AF95-905EA75904E9}.Debug|x86.ActiveCfg = Debug|x86
		{96F90BE4-707B-4BC3-AF95-905EA75904E9}.Debug|x86.Build.0 = Debug|x86
		{96F90BE4-707B-4BC3-AF95-905EA75904E9}.Debug|x86.Deploy.0 = Debug|x86
		{96F90BE4-707B-4BC3-AF95-905EA75904E9}.Release|ARM64.ActiveCfg = Release|ARM64
		{96F90BE4-707B-4BC3-AF95-905EA75904E9}.Release|ARM64.Build.0 = Release|ARM64
		{96F90BE4-707B-4BC3-AF95-905EA75904E9}.Release|ARM64.Deploy.0 = Release|ARM64
		{96F90BE4-707B-4BC3-AF95-905EA75904E9}.Release|x64.ActiveCfg = Release|x64
		{96F90BE4-707B-4BC3-AF95-905EA75904E9}.Release|x64.Build.0 = Release|x64
		{96F90BE4-707B-4BC3-AF95-905EA75904E9}.Release|x64.Deploy.0 = Release|x64
		{96F90BE4-707B-4BC3-AF95-905EA75904E9}.Release|x86.ActiveCfg = Release|x86
		{96F90BE4-707B-4BC3-AF95-905EA75904E9}.Release|x86.Build.0 = Release|x86
		{96F90BE4-707B-4BC3-AF95-905EA75904E9}.Release|x86.Deploy.0 = Release|x86
		{2163900D-B323-4EA5-871B-93AD6E0564DB}.Debug|ARM64.ActiveCfg = Debug|ARM64
		{2163900D-B323-4EA5-871B-93AD6E0564DB}.Debug|ARM64.Build.0 = Debug|ARM64
		{2163900D-B323-4EA5-871B-93AD6E0564DB}.Debug|x64.ActiveCfg = Debug|x64
		{2163900D-B323-4EA5-871B-93AD6E0564DB}.Debug|x64.Build.0 = Debug|x64
		{2163900D-B323-4EA5-871B-93AD6E0564DB}.Debug|x86.ActiveCfg = Debug|x86
		{2163900D-B323-4EA5-871B-93AD6E0564DB}.Debug|x86.Build.0 = Debug|x86
		{2163900D-B323-4EA5-871B-93AD6E0564DB}.Release|ARM64.ActiveCfg = Release|ARM64
		{2163900D-B323-4EA5-871B-93AD6E0564DB}.Release|ARM64.Build.0 = Release|ARM64
		{2163900D-B323-4EA5-871B-93AD6E0564DB}.Release|x64.ActiveCfg = Release|x64
		{2163900D-B323-4EA5-871B-93AD6E0564DB}.Release|x64.Build.0 = Release|x64
		{2163900D-B323-4EA5-871B-93AD6E0564DB}.Release|x86.ActiveCfg = Release|x86
		{2163900D-B323-4EA5-871B-93AD6E0564DB}.Release|x86.Build.0 = Release|x86
	EndGlobalSection
	GlobalSection(SolutionProperties) = preSolution
		HideSolutionNode = FALSE
	EndGlobalSection
	GlobalSection(ExtensibilityGlobals) = postSolution
		SolutionGuid = {CC12C393-0021-43CE-ADEC-032B6E655A3C}
	EndGlobalSection
EndGlobal
