
Microsoft Visual Studio Solution File, Format Version 12.00
# Visual Studio Version 17
VisualStudioVersion = 17.1.32228.430
MinimumVisualStudioVersion = 10.0.40219.1
Project("{8BC9CEB8-8B4A-11D0-8D11-00A0C91BC942}") = "CppPackagedAppNotifications", "CppPackagedAppNotifications\CppPackagedAppNotifications.vcxproj", "{F1EC477A-719B-4A26-859D-E361D72FE1FD}"
EndProject
Project("{C7167F0D-BC9F-4E6E-AFE1-012C56B48DB5}") = "CppPackagedAppNotifications (Package)", "CppPackagedAppNotifications (Package)\CppPackagedAppNotifications (Package).wapproj", "{2062AF9F-8204-4A86-AEFE-70F74D37F479}"
EndProject
Global
	GlobalSection(SolutionConfigurationPlatforms) = preSolution
		Debug|Any CPU = Debug|Any CPU
		Debug|ARM = Debug|ARM
		Debug|arm64 = Debug|arm64
		Debug|x64 = Debug|x64
		Debug|x86 = Debug|x86
		Release|Any CPU = Release|Any CPU
		Release|ARM = Release|ARM
		Release|arm64 = Release|arm64
		Release|x64 = Release|x64
		Release|x86 = Release|x86
	EndGlobalSection
	GlobalSection(ProjectConfigurationPlatforms) = postSolution
		{F1EC477A-719B-4A26-859D-E361D72FE1FD}.Debug|Any CPU.ActiveCfg = Debug|x64
		{F1EC477A-719B-4A26-859D-E361D72FE1FD}.Debug|Any CPU.Build.0 = Debug|x64
		{F1EC477A-719B-4A26-859D-E361D72FE1FD}.Debug|Any CPU.Deploy.0 = Debug|x64
		{F1EC477A-719B-4A26-859D-E361D72FE1FD}.Debug|ARM.ActiveCfg = Debug|x64
		{F1EC477A-719B-4A26-859D-E361D72FE1FD}.Debug|ARM.Build.0 = Debug|x64
		{F1EC477A-719B-4A26-859D-E361D72FE1FD}.Debug|ARM.Deploy.0 = Debug|x64
		{F1EC477A-719B-4A26-859D-E361D72FE1FD}.Debug|arm64.ActiveCfg = Debug|arm64
		{F1EC477A-719B-4A26-859D-E361D72FE1FD}.Debug|arm64.Build.0 = Debug|arm64
		{F1EC477A-719B-4A26-859D-E361D72FE1FD}.Debug|arm64.Deploy.0 = Debug|arm64
		{F1EC477A-719B-4A26-859D-E361D72FE1FD}.Debug|x64.ActiveCfg = Debug|x64
		{F1EC477A-719B-4A26-859D-E361D72FE1FD}.Debug|x64.Build.0 = Debug|x64
		{F1EC477A-719B-4A26-859D-E361D72FE1FD}.Debug|x64.Deploy.0 = Debug|x64
		{F1EC477A-719B-4A26-859D-E361D72FE1FD}.Debug|x86.ActiveCfg = Debug|Win32
		{F1EC477A-719B-4A26-859D-E361D72FE1FD}.Debug|x86.Build.0 = Debug|Win32
		{F1EC477A-719B-4A26-859D-E361D72FE1FD}.Debug|x86.Deploy.0 = Debug|Win32
		{F1EC477A-719B-4A26-859D-E361D72FE1FD}.Release|Any CPU.ActiveCfg = Release|x64
		{F1EC477A-719B-4A26-859D-E361D72FE1FD}.Release|Any CPU.Build.0 = Release|x64
		{F1EC477A-719B-4A26-859D-E361D72FE1FD}.Release|Any CPU.Deploy.0 = Release|x64
		{F1EC477A-719B-4A26-859D-E361D72FE1FD}.Release|ARM.ActiveCfg = Release|x64
		{F1EC477A-719B-4A26-859D-E361D72FE1FD}.Release|ARM.Build.0 = Release|x64
		{F1EC477A-719B-4A26-859D-E361D72FE1FD}.Release|ARM.Deploy.0 = Release|x64
		{F1EC477A-719B-4A26-859D-E361D72FE1FD}.Release|arm64.ActiveCfg = Release|arm64
		{F1EC477A-719B-4A26-859D-E361D72FE1FD}.Release|arm64.Build.0 = Release|arm64
		{F1EC477A-719B-4A26-859D-E361D72FE1FD}.Release|arm64.Deploy.0 = Release|arm64
		{F1EC477A-719B-4A26-859D-E361D72FE1FD}.Release|x64.ActiveCfg = Release|x64
		{F1EC477A-719B-4A26-859D-E361D72FE1FD}.Release|x64.Build.0 = Release|x64
		{F1EC477A-719B-4A26-859D-E361D72FE1FD}.Release|x64.Deploy.0 = Release|x64
		{F1EC477A-719B-4A26-859D-E361D72FE1FD}.Release|x86.ActiveCfg = Release|Win32
		{F1EC477A-719B-4A26-859D-E361D72FE1FD}.Release|x86.Build.0 = Release|Win32
		{F1EC477A-719B-4A26-859D-E361D72FE1FD}.Release|x86.Deploy.0 = Release|Win32
		{2062AF9F-8204-4A86-AEFE-70F74D37F479}.Debug|Any CPU.ActiveCfg = Debug|Any CPU
		{2062AF9F-8204-4A86-AEFE-70F74D37F479}.Debug|Any CPU.Build.0 = Debug|Any CPU
		{2062AF9F-8204-4A86-AEFE-70F74D37F479}.Debug|Any CPU.Deploy.0 = Debug|Any CPU
		{2062AF9F-8204-4A86-AEFE-70F74D37F479}.Debug|ARM.ActiveCfg = Debug|ARM
		{2062AF9F-8204-4A86-AEFE-70F74D37F479}.Debug|ARM.Build.0 = Debug|ARM
		{2062AF9F-8204-4A86-AEFE-70F74D37F479}.Debug|ARM.Deploy.0 = Debug|ARM
		{2062AF9F-8204-4A86-AEFE-70F74D37F479}.Debug|arm64.ActiveCfg = Debug|ARM64
		{2062AF9F-8204-4A86-AEFE-70F74D37F479}.Debug|arm64.Build.0 = Debug|ARM64
		{2062AF9F-8204-4A86-AEFE-70F74D37F479}.Debug|arm64.Deploy.0 = Debug|ARM64
		{2062AF9F-8204-4A86-AEFE-70F74D37F479}.Debug|x64.ActiveCfg = Debug|x64
		{2062AF9F-8204-4A86-AEFE-70F74D37F479}.Debug|x64.Build.0 = Debug|x64
		{2062AF9F-8204-4A86-AEFE-70F74D37F479}.Debug|x64.Deploy.0 = Debug|x64
		{2062AF9F-8204-4A86-AEFE-70F74D37F479}.Debug|x86.ActiveCfg = Debug|x86
		{2062AF9F-8204-4A86-AEFE-70F74D37F479}.Debug|x86.Build.0 = Debug|x86
		{2062AF9F-8204-4A86-AEFE-70F74D37F479}.Debug|x86.Deploy.0 = Debug|x86
		{2062AF9F-8204-4A86-AEFE-70F74D37F479}.Release|Any CPU.ActiveCfg = Release|Any CPU
		{2062AF9F-8204-4A86-AEFE-70F74D37F479}.Release|Any CPU.Build.0 = Release|Any CPU
		{2062AF9F-8204-4A86-AEFE-70F74D37F479}.Release|Any CPU.Deploy.0 = Release|Any CPU
		{2062AF9F-8204-4A86-AEFE-70F74D37F479}.Release|ARM.ActiveCfg = Release|ARM
		{2062AF9F-8204-4A86-AEFE-70F74D37F479}.Release|ARM.Build.0 = Release|ARM
		{2062AF9F-8204-4A86-AEFE-70F74D37F479}.Release|ARM.Deploy.0 = Release|ARM
		{2062AF9F-8204-4A86-AEFE-70F74D37F479}.Release|arm64.ActiveCfg = Release|ARM64
		{2062AF9F-8204-4A86-AEFE-70F74D37F479}.Release|arm64.Build.0 = Release|ARM64
		{2062AF9F-8204-4A86-AEFE-70F74D37F479}.Release|arm64.Deploy.0 = Release|ARM64
		{2062AF9F-8204-4A86-AEFE-70F74D37F479}.Release|x64.ActiveCfg = Release|x64
		{2062AF9F-8204-4A86-AEFE-70F74D37F479}.Release|x64.Build.0 = Release|x64
		{2062AF9F-8204-4A86-AEFE-70F74D37F479}.Release|x64.Deploy.0 = Release|x64
		{2062AF9F-8204-4A86-AEFE-70F74D37F479}.Release|x86.ActiveCfg = Release|x86
		{2062AF9F-8204-4A86-AEFE-70F74D37F479}.Release|x86.Build.0 = Release|x86
		{2062AF9F-8204-4A86-AEFE-70F74D37F479}.Release|x86.Deploy.0 = Release|x86
	EndGlobalSection
	GlobalSection(SolutionProperties) = preSolution
		HideSolutionNode = FALSE
	EndGlobalSection
	GlobalSection(ExtensibilityGlobals) = postSolution
		SolutionGuid = {6EA597C3-37A8-489B-93C9-14A461570FF7}
	EndGlobalSection
EndGlobal
