
Microsoft Visual Studio Solution File, Format Version 12.00
# Visual Studio Version 16
VisualStudioVersion = 16.0.31410.357
MinimumVisualStudioVersion = 10.0.40219.1
Project("{C7167F0D-BC9F-4E6E-AFE1-012C56B48DB5}") = "SampleApp (Package)", "SampleApp (Package)\SampleApp (Package).wapproj", "{CF661B52-21CB-4EAF-9F09-84BD85A4DEFA}"
EndProject
Project("{8BC9CEB8-8B4A-11D0-8D11-00A0C91BC942}") = "SampleApp", "SampleApp\SampleApp.vcxproj", "{6880142E-D367-4654-B0CF-8A03CFB88297}"
EndProject
Global
	GlobalSection(SolutionConfigurationPlatforms) = preSolution
		Debug|ARM64 = Debug|ARM64
		Debug|x64 = Debug|x64
		Debug|x86 = Debug|x86
		Release|ARM64 = Release|ARM64
		Release|x64 = Release|x64
		Release|x86 = Release|x86
	EndGlobalSection
	GlobalSection(ProjectConfigurationPlatforms) = postSolution
		{CF661B52-21CB-4EAF-9F09-84BD85A4DEFA}.Debug|ARM64.ActiveCfg = Debug|ARM64
		{CF661B52-21CB-4EAF-9F09-84BD85A4DEFA}.Debug|ARM64.Build.0 = Debug|ARM64
		{CF661B52-21CB-4EAF-9F09-84BD85A4DEFA}.Debug|ARM64.Deploy.0 = Debug|ARM64
		{CF661B52-21CB-4EAF-9F09-84BD85A4DEFA}.Debug|x64.ActiveCfg = Debug|x64
		{CF661B52-21CB-4EAF-9F09-84BD85A4DEFA}.Debug|x64.Build.0 = Debug|x64
		{CF661B52-21CB-4EAF-9F09-84BD85A4DEFA}.Debug|x64.Deploy.0 = Debug|x64
		{CF661B52-21CB-4EAF-9F09-84BD85A4DEFA}.Debug|x86.ActiveCfg = Debug|x86
		{CF661B52-21CB-4EAF-9F09-84BD85A4DEFA}.Debug|x86.Build.0 = Debug|x86
		{CF661B52-21CB-4EAF-9F09-84BD85A4DEFA}.Debug|x86.Deploy.0 = Debug|x86
		{CF661B52-21CB-4EAF-9F09-84BD85A4DEFA}.Release|ARM64.ActiveCfg = Release|ARM64
		{CF661B52-21CB-4EAF-9F09-84BD85A4DEFA}.Release|ARM64.Build.0 = Release|ARM64
		{CF661B52-21CB-4EAF-9F09-84BD85A4DEFA}.Release|ARM64.Deploy.0 = Release|ARM64
		{CF661B52-21CB-4EAF-9F09-84BD85A4DEFA}.Release|x64.ActiveCfg = Release|x64
		{CF661B52-21CB-4EAF-9F09-84BD85A4DEFA}.Release|x64.Build.0 = Release|x64
		{CF661B52-21CB-4EAF-9F09-84BD85A4DEFA}.Release|x64.Deploy.0 = Release|x64
		{CF661B52-21CB-4EAF-9F09-84BD85A4DEFA}.Release|x86.ActiveCfg = Release|x86
		{CF661B52-21CB-4EAF-9F09-84BD85A4DEFA}.Release|x86.Build.0 = Release|x86
		{CF661B52-21CB-4EAF-9F09-84BD85A4DEFA}.Release|x86.Deploy.0 = Release|x86
		{6880142E-D367-4654-B0CF-8A03CFB88297}.Debug|ARM64.ActiveCfg = Debug|ARM64
		{6880142E-D367-4654-B0CF-8A03CFB88297}.Debug|ARM64.Build.0 = Debug|ARM64
		{6880142E-D367-4654-B0CF-8A03CFB88297}.Debug|x64.ActiveCfg = Debug|x64
		{6880142E-D367-4654-B0CF-8A03CFB88297}.Debug|x64.Build.0 = Debug|x64
		{6880142E-D367-4654-B0CF-8A03CFB88297}.Debug|x86.ActiveCfg = Debug|Win32
		{6880142E-D367-4654-B0CF-8A03CFB88297}.Debug|x86.Build.0 = Debug|Win32
		{6880142E-D367-4654-B0CF-8A03CFB88297}.Release|ARM64.ActiveCfg = Release|ARM64
		{6880142E-D367-4654-B0CF-8A03CFB88297}.Release|ARM64.Build.0 = Release|ARM64
		{6880142E-D367-4654-B0CF-8A03CFB88297}.Release|x64.ActiveCfg = Release|x64
		{6880142E-D367-4654-B0CF-8A03CFB88297}.Release|x64.Build.0 = Release|x64
		{6880142E-D367-4654-B0CF-8A03CFB88297}.Release|x86.ActiveCfg = Release|Win32
		{6880142E-D367-4654-B0CF-8A03CFB88297}.Release|x86.Build.0 = Release|Win32
	EndGlobalSection
	GlobalSection(SolutionProperties) = preSolution
		HideSolutionNode = FALSE
	EndGlobalSection
	GlobalSection(ExtensibilityGlobals) = postSolution
		SolutionGuid = {B2F65936-0123-46A3-ACC3-87F2B59BEFEA}
	EndGlobalSection
EndGlobal
