
Microsoft Visual Studio Solution File, Format Version 12.00
# Visual Studio Version 16
VisualStudioVersion = 16.0.31229.75
MinimumVisualStudioVersion = 10.0.40219.1
Project("{8BC9CEB8-8B4A-11D0-8D11-00A0C91BC942}") = "CppWinRtConsoleActivation", "CppWinRtConsoleActivation\CppWinRtConsoleActivation.vcxproj", "{F5C337C9-4D9A-465C-9CE2-4B0AD5E411B2}"
EndProject
Global
	GlobalSection(SolutionConfigurationPlatforms) = preSolution
		Debug|ARM64 = Debug|ARM64
		Debug|x64 = Debug|x64
		Debug|x86 = Debug|x86
		Release|ARM64 = Release|ARM64
		Release|x64 = Release|x64
		Release|x86 = Release|x86
	EndGlobalSection
	GlobalSection(ProjectConfigurationPlatforms) = postSolution
		{F5C337C9-4D9A-465C-9CE2-4B0AD5E411B2}.Debug|ARM64.ActiveCfg = Debug|ARM64
		{F5C337C9-4D9A-465C-9CE2-4B0AD5E411B2}.Debug|ARM64.Build.0 = Debug|ARM64
		{F5C337C9-4D9A-465C-9CE2-4B0AD5E411B2}.Debug|x64.ActiveCfg = Debug|x64
		{F5C337C9-4D9A-465C-9CE2-4B0AD5E411B2}.Debug|x64.Build.0 = Debug|x64
		{F5C337C9-4D9A-465C-9CE2-4B0AD5E411B2}.Debug|x86.ActiveCfg = Debug|Win32
		{F5C337C9-4D9A-465C-9CE2-4B0AD5E411B2}.Debug|x86.Build.0 = Debug|Win32
		{F5C337C9-4D9A-465C-9CE2-4B0AD5E411B2}.Release|ARM64.ActiveCfg = Release|ARM64
		{F5C337C9-4D9A-465C-9CE2-4B0AD5E411B2}.Release|ARM64.Build.0 = Release|ARM64
		{F5C337C9-4D9A-465C-9CE2-4B0AD5E411B2}.Release|x64.ActiveCfg = Release|x64
		{F5C337C9-4D9A-465C-9CE2-4B0AD5E411B2}.Release|x64.Build.0 = Release|x64
		{F5C337C9-4D9A-465C-9CE2-4B0AD5E411B2}.Release|x86.ActiveCfg = Release|Win32
		{F5C337C9-4D9A-465C-9CE2-4B0AD5E411B2}.Release|x86.Build.0 = Release|Win32
	EndGlobalSection
	GlobalSection(SolutionProperties) = preSolution
		HideSolutionNode = FALSE
	EndGlobalSection
	GlobalSection(ExtensibilityGlobals) = postSolution
		SolutionGuid = {F42FB6DB-8D79-46BA-9FF5-BDB12238B84B}
	EndGlobalSection
EndGlobal
