
Microsoft Visual Studio Solution File, Format Version 12.00
# Visual Studio Version 16
VisualStudioVersion = 16.0.31229.75
MinimumVisualStudioVersion = 10.0.40219.1
Project("{8BC9CEB8-8B4A-11D0-8D11-00A0C91BC942}") = "CppWinMainActivation", "CppWinMainActivation\CppWinMainActivation.vcxproj", "{11400D28-21EB-4F92-AE9E-0EE652C98400}"
EndProject
Project("{C7167F0D-BC9F-4E6E-AFE1-012C56B48DB5}") = "CppWinMainActivationPkg", "CppWinMainActivationPkg\CppWinMainActivationPkg.wapproj", "{3409AE3C-9FB4-4B98-BBBE-B73684613C7A}"
EndProject
Global
	GlobalSection(SolutionConfigurationPlatforms) = preSolution
		Debug|Any CPU = Debug|Any CPU
		Debug|ARM64 = Debug|ARM64
		Debug|x64 = Debug|x64
		Debug|x86 = Debug|x86
		Release|Any CPU = Release|Any CPU
		Release|ARM64 = Release|ARM64
		Release|x64 = Release|x64
		Release|x86 = Release|x86
	EndGlobalSection
	GlobalSection(ProjectConfigurationPlatforms) = postSolution
		{11400D28-21EB-4F92-AE9E-0EE652C98400}.Debug|Any CPU.ActiveCfg = Debug|Win32
		{11400D28-21EB-4F92-AE9E-0EE652C98400}.Debug|ARM64.ActiveCfg = Debug|ARM64
		{11400D28-21EB-4F92-AE9E-0EE652C98400}.Debug|ARM64.Build.0 = Debug|ARM64
		{11400D28-21EB-4F92-AE9E-0EE652C98400}.Debug|x64.ActiveCfg = Debug|x64
		{11400D28-21EB-4F92-AE9E-0EE652C98400}.Debug|x64.Build.0 = Debug|x64
		{11400D28-21EB-4F92-AE9E-0EE652C98400}.Debug|x86.ActiveCfg = Debug|Win32
		{11400D28-21EB-4F92-AE9E-0EE652C98400}.Debug|x86.Build.0 = Debug|Win32
		{11400D28-21EB-4F92-AE9E-0EE652C98400}.Release|Any CPU.ActiveCfg = Release|Win32
		{11400D28-21EB-4F92-AE9E-0EE652C98400}.Release|ARM64.ActiveCfg = Release|ARM64
		{11400D28-21EB-4F92-AE9E-0EE652C98400}.Release|ARM64.Build.0 = Release|ARM64
		{11400D28-21EB-4F92-AE9E-0EE652C98400}.Release|x64.ActiveCfg = Release|x64
		{11400D28-21EB-4F92-AE9E-0EE652C98400}.Release|x64.Build.0 = Release|x64
		{11400D28-21EB-4F92-AE9E-0EE652C98400}.Release|x86.ActiveCfg = Release|Win32
		{11400D28-21EB-4F92-AE9E-0EE652C98400}.Release|x86.Build.0 = Release|Win32
		{3409AE3C-9FB4-4B98-BBBE-B73684613C7A}.Debug|Any CPU.ActiveCfg = Debug|Any CPU
		{3409AE3C-9FB4-4B98-BBBE-B73684613C7A}.Debug|Any CPU.Build.0 = Debug|Any CPU
		{3409AE3C-9FB4-4B98-BBBE-B73684613C7A}.Debug|Any CPU.Deploy.0 = Debug|Any CPU
		{3409AE3C-9FB4-4B98-BBBE-B73684613C7A}.Debug|ARM64.ActiveCfg = Debug|ARM64
		{3409AE3C-9FB4-4B98-BBBE-B73684613C7A}.Debug|ARM64.Build.0 = Debug|ARM64
		{3409AE3C-9FB4-4B98-BBBE-B73684613C7A}.Debug|ARM64.Deploy.0 = Debug|ARM64
		{3409AE3C-9FB4-4B98-BBBE-B73684613C7A}.Debug|x64.ActiveCfg = Debug|x64
		{3409AE3C-9FB4-4B98-BBBE-B73684613C7A}.Debug|x64.Build.0 = Debug|x64
		{3409AE3C-9FB4-4B98-BBBE-B73684613C7A}.Debug|x64.Deploy.0 = Debug|x64
		{3409AE3C-9FB4-4B98-BBBE-B73684613C7A}.Debug|x86.ActiveCfg = Debug|x86
		{3409AE3C-9FB4-4B98-BBBE-B73684613C7A}.Debug|x86.Build.0 = Debug|x86
		{3409AE3C-9FB4-4B98-BBBE-B73684613C7A}.Debug|x86.Deploy.0 = Debug|x86
		{3409AE3C-9FB4-4B98-BBBE-B73684613C7A}.Release|Any CPU.ActiveCfg = Release|Any CPU
		{3409AE3C-9FB4-4B98-BBBE-B73684613C7A}.Release|Any CPU.Build.0 = Release|Any CPU
		{3409AE3C-9FB4-4B98-BBBE-B73684613C7A}.Release|Any CPU.Deploy.0 = Release|Any CPU
		{3409AE3C-9FB4-4B98-BBBE-B73684613C7A}.Release|ARM64.ActiveCfg = Release|ARM64
		{3409AE3C-9FB4-4B98-BBBE-B73684613C7A}.Release|ARM64.Build.0 = Release|ARM64
		{3409AE3C-9FB4-4B98-BBBE-B73684613C7A}.Release|ARM64.Deploy.0 = Release|ARM64
		{3409AE3C-9FB4-4B98-BBBE-B73684613C7A}.Release|x64.ActiveCfg = Release|x64
		{3409AE3C-9FB4-4B98-BBBE-B73684613C7A}.Release|x64.Build.0 = Release|x64
		{3409AE3C-9FB4-4B98-BBBE-B73684613C7A}.Release|x64.Deploy.0 = Release|x64
		{3409AE3C-9FB4-4B98-BBBE-B73684613C7A}.Release|x86.ActiveCfg = Release|x86
		{3409AE3C-9FB4-4B98-BBBE-B73684613C7A}.Release|x86.Build.0 = Release|x86
		{3409AE3C-9FB4-4B98-BBBE-B73684613C7A}.Release|x86.Deploy.0 = Release|x86
	EndGlobalSection
	GlobalSection(SolutionProperties) = preSolution
		HideSolutionNode = FALSE
	EndGlobalSection
	GlobalSection(ExtensibilityGlobals) = postSolution
		SolutionGuid = {C9F04E79-6135-49A6-903A-3FB029F13952}
	EndGlobalSection
EndGlobal
