
Microsoft Visual Studio Solution File, Format Version 12.00
# Visual Studio Version 16
VisualStudioVersion = 16.0.31424.327
MinimumVisualStudioVersion = 10.0.40219.1
Project("{9A19103F-16F7-4668-BE54-9A1E7A4F7556}") = "CsWpfActivation", "CsWpfActivation\CsWpfActivation.csproj", "{79B87D31-A3CC-4830-A631-6CEB6EE7CE28}"
EndProject
Global
	GlobalSection(SolutionConfigurationPlatforms) = preSolution
		Debug|Any CPU = Debug|Any CPU
		Debug|ARM64 = Debug|ARM64
		Debug|x64 = Debug|x64
		Debug|x86 = Debug|x86
		Release|Any CPU = Release|Any CPU
		Release|ARM64 = Release|ARM64
		Release|x64 = Release|x64
		Release|x86 = Release|x86
	EndGlobalSection
	GlobalSection(ProjectConfigurationPlatforms) = postSolution
		{79B87D31-A3CC-4830-A631-6CEB6EE7CE28}.Debug|Any CPU.ActiveCfg = Debug|x64
		{79B87D31-A3CC-4830-A631-6CEB6EE7CE28}.Debug|Any CPU.Build.0 = Debug|x64
		{79B87D31-A3CC-4830-A631-6CEB6EE7CE28}.Debug|ARM64.ActiveCfg = Debug|ARM64
		{79B87D31-A3CC-4830-A631-6CEB6EE7CE28}.Debug|ARM64.Build.0 = Debug|ARM64
		{79B87D31-A3CC-4830-A631-6CEB6EE7CE28}.Debug|x64.ActiveCfg = Debug|x64
		{79B87D31-A3CC-4830-A631-6CEB6EE7CE28}.Debug|x64.Build.0 = Debug|x64
		{79B87D31-A3CC-4830-A631-6CEB6EE7CE28}.Debug|x86.ActiveCfg = Debug|x86
		{79B87D31-A3CC-4830-A631-6CEB6EE7CE28}.Debug|x86.Build.0 = Debug|x86
		{79B87D31-A3CC-4830-A631-6CEB6EE7CE28}.Release|Any CPU.ActiveCfg = Release|Any CPU
		{79B87D31-A3CC-4830-A631-6CEB6EE7CE28}.Release|Any CPU.Build.0 = Release|Any CPU
		{79B87D31-A3CC-4830-A631-6CEB6EE7CE28}.Release|ARM64.ActiveCfg = Release|ARM64
		{79B87D31-A3CC-4830-A631-6CEB6EE7CE28}.Release|ARM64.Build.0 = Release|ARM64
		{79B87D31-A3CC-4830-A631-6CEB6EE7CE28}.Release|x64.ActiveCfg = Release|x64
		{79B87D31-A3CC-4830-A631-6CEB6EE7CE28}.Release|x64.Build.0 = Release|x64
		{79B87D31-A3CC-4830-A631-6CEB6EE7CE28}.Release|x86.ActiveCfg = Release|x86
		{79B87D31-A3CC-4830-A631-6CEB6EE7CE28}.Release|x86.Build.0 = Release|x86
	EndGlobalSection
	GlobalSection(SolutionProperties) = preSolution
		HideSolutionNode = FALSE
	EndGlobalSection
	GlobalSection(ExtensibilityGlobals) = postSolution
		SolutionGuid = {E34A24B4-3764-4512-86FE-E06447BA6548}
	EndGlobalSection
EndGlobal
