
Microsoft Visual Studio Solution File, Format Version 12.00
# Visual Studio Version 17
VisualStudioVersion = 17.2.32526.322
MinimumVisualStudioVersion = 10.0.40219.1
Project("{9A19103F-16F7-4668-BE54-9A1E7A4F7556}") = "WinUIComponentCs", "WinUIComponentCs\WinUIComponentCs.csproj", "{2CFA1B51-47B5-411C-B9AC-022541EF51EF}"
EndProject
Project("{8BC9CEB8-8B4A-11D0-8D11-00A0C91BC942}") = "CppApp", "CppApp\CppApp.vcxproj", "{8BF69E93-A65E-4E19-97A3-7824406B22FF}"
EndProject
Project("{8BC9CEB8-8B4A-11D0-8D11-00A0C91BC942}") = "MFCdotNETHost", "MFCdotNETHost\MFCdotNETHost.vcxproj", "{E510FCF9-5483-4654-B642-3B1F5C2AD68F}"
	ProjectSection(ProjectDependencies) = postProject
		{5B99CD8B-BB8C-424C-BAC6-0EFAE532D92C} = {5B99CD8B-BB8C-424C-BAC6-0EFAE532D92C}
	EndProjectSection
EndProject
Project("{2150E333-8FDC-42A3-9474-1A3956D46DE8}") = "WinUI_Stable", "WinUI_Stable", "{85ACE094-97D0-43D5-99FD-1802525C6D3A}"
EndProject
Project("{8BC9CEB8-8B4A-11D0-8D11-00A0C91BC942}") = "WinUIClassLibrary", "WinUIClassLibrary\WinUIClassLibrary.vcxproj", "{CCE92E1F-1020-4C07-A44E-85F5159A17EE}"
EndProject
Project("{2150E333-8FDC-42A3-9474-1A3956D46DE8}") = "WinUI_Experimental", "WinUI_Experimental", "{522E5B15-1551-4C39-BC69-5B5E2D6F06A3}"
EndProject
Project("{8BC9CEB8-8B4A-11D0-8D11-00A0C91BC942}") = "WinUIClassLibraryExp", "WinUIClassLibraryExp\WinUIClassLibraryExp.vcxproj", "{5B99CD8B-BB8C-424C-BAC6-0EFAE532D92C}"
EndProject
Project("{9A19103F-16F7-4668-BE54-9A1E7A4F7556}") = "WinUIComponentCsExp", "WinUIComponentCsExp\WinUIComponentCsExp.csproj", "{DEEAF4E4-6298-45B1-8CD5-B47278520D9F}"
EndProject
Project("{8BC9CEB8-8B4A-11D0-8D11-00A0C91BC942}") = "MFCApplication1", "MFCApplication1\MFCApplication1.vcxproj", "{CEED2234-287C-48A0-BAFD-47FC959CF103}"
EndProject
Project("{8BC9CEB8-8B4A-11D0-8D11-00A0C91BC942}") = "MyUWPApp", "MyUWPApp\MyUWPApp.vcxproj", "{83201796-E6B6-40CB-A45D-A0646D0181D0}"
EndProject
Global
	GlobalSection(SolutionConfigurationPlatforms) = preSolution
		Debug|Any CPU = Debug|Any CPU
		Debug|ARM = Debug|ARM
		Debug|arm64 = Debug|arm64
		Debug|Win32 = Debug|Win32
		Debug|x64 = Debug|x64
		Debug|x86 = Debug|x86
		Release|Any CPU = Release|Any CPU
		Release|ARM = Release|ARM
		Release|arm64 = Release|arm64
		Release|Win32 = Release|Win32
		Release|x64 = Release|x64
		Release|x86 = Release|x86
	EndGlobalSection
	GlobalSection(ProjectConfigurationPlatforms) = postSolution
		{2CFA1B51-47B5-411C-B9AC-022541EF51EF}.Debug|Any CPU.ActiveCfg = Debug|Any CPU
		{2CFA1B51-47B5-411C-B9AC-022541EF51EF}.Debug|Any CPU.Build.0 = Debug|Any CPU
		{2CFA1B51-47B5-411C-B9AC-022541EF51EF}.Debug|ARM.ActiveCfg = Debug|Any CPU
		{2CFA1B51-47B5-411C-B9AC-022541EF51EF}.Debug|ARM.Build.0 = Debug|Any CPU
		{2CFA1B51-47B5-411C-B9AC-022541EF51EF}.Debug|arm64.ActiveCfg = Debug|Any CPU
		{2CFA1B51-47B5-411C-B9AC-022541EF51EF}.Debug|arm64.Build.0 = Debug|Any CPU
		{2CFA1B51-47B5-411C-B9AC-022541EF51EF}.Debug|Win32.ActiveCfg = Debug|Any CPU
		{2CFA1B51-47B5-411C-B9AC-022541EF51EF}.Debug|x64.ActiveCfg = Debug|Any CPU
		{2CFA1B51-47B5-411C-B9AC-022541EF51EF}.Debug|x64.Build.0 = Debug|Any CPU
		{2CFA1B51-47B5-411C-B9AC-022541EF51EF}.Debug|x86.ActiveCfg = Debug|Any CPU
		{2CFA1B51-47B5-411C-B9AC-022541EF51EF}.Debug|x86.Build.0 = Debug|Any CPU
		{2CFA1B51-47B5-411C-B9AC-022541EF51EF}.Release|Any CPU.ActiveCfg = Release|Any CPU
		{2CFA1B51-47B5-411C-B9AC-022541EF51EF}.Release|Any CPU.Build.0 = Release|Any CPU
		{2CFA1B51-47B5-411C-B9AC-022541EF51EF}.Release|ARM.ActiveCfg = Release|Any CPU
		{2CFA1B51-47B5-411C-B9AC-022541EF51EF}.Release|ARM.Build.0 = Release|Any CPU
		{2CFA1B51-47B5-411C-B9AC-022541EF51EF}.Release|arm64.ActiveCfg = Release|Any CPU
		{2CFA1B51-47B5-411C-B9AC-022541EF51EF}.Release|arm64.Build.0 = Release|Any CPU
		{2CFA1B51-47B5-411C-B9AC-022541EF51EF}.Release|Win32.ActiveCfg = Release|Any CPU
		{2CFA1B51-47B5-411C-B9AC-022541EF51EF}.Release|x64.ActiveCfg = Release|Any CPU
		{2CFA1B51-47B5-411C-B9AC-022541EF51EF}.Release|x64.Build.0 = Release|Any CPU
		{2CFA1B51-47B5-411C-B9AC-022541EF51EF}.Release|x86.ActiveCfg = Release|Any CPU
		{2CFA1B51-47B5-411C-B9AC-022541EF51EF}.Release|x86.Build.0 = Release|Any CPU
		{8BF69E93-A65E-4E19-97A3-7824406B22FF}.Debug|Any CPU.ActiveCfg = Debug|x64
		{8BF69E93-A65E-4E19-97A3-7824406B22FF}.Debug|Any CPU.Build.0 = Debug|x64
		{8BF69E93-A65E-4E19-97A3-7824406B22FF}.Debug|Any CPU.Deploy.0 = Debug|x64
		{8BF69E93-A65E-4E19-97A3-7824406B22FF}.Debug|ARM.ActiveCfg = Debug|x64
		{8BF69E93-A65E-4E19-97A3-7824406B22FF}.Debug|ARM.Build.0 = Debug|x64
		{8BF69E93-A65E-4E19-97A3-7824406B22FF}.Debug|ARM.Deploy.0 = Debug|x64
		{8BF69E93-A65E-4E19-97A3-7824406B22FF}.Debug|arm64.ActiveCfg = Debug|arm64
		{8BF69E93-A65E-4E19-97A3-7824406B22FF}.Debug|arm64.Build.0 = Debug|arm64
		{8BF69E93-A65E-4E19-97A3-7824406B22FF}.Debug|arm64.Deploy.0 = Debug|arm64
		{8BF69E93-A65E-4E19-97A3-7824406B22FF}.Debug|Win32.ActiveCfg = Debug|Win32
		{8BF69E93-A65E-4E19-97A3-7824406B22FF}.Debug|x64.ActiveCfg = Debug|x64
		{8BF69E93-A65E-4E19-97A3-7824406B22FF}.Debug|x64.Build.0 = Debug|x64
		{8BF69E93-A65E-4E19-97A3-7824406B22FF}.Debug|x64.Deploy.0 = Debug|x64
		{8BF69E93-A65E-4E19-97A3-7824406B22FF}.Debug|x86.ActiveCfg = Debug|Win32
		{8BF69E93-A65E-4E19-97A3-7824406B22FF}.Debug|x86.Build.0 = Debug|Win32
		{8BF69E93-A65E-4E19-97A3-7824406B22FF}.Debug|x86.Deploy.0 = Debug|Win32
		{8BF69E93-A65E-4E19-97A3-7824406B22FF}.Release|Any CPU.ActiveCfg = Release|x64
		{8BF69E93-A65E-4E19-97A3-7824406B22FF}.Release|Any CPU.Build.0 = Release|x64
		{8BF69E93-A65E-4E19-97A3-7824406B22FF}.Release|Any CPU.Deploy.0 = Release|x64
		{8BF69E93-A65E-4E19-97A3-7824406B22FF}.Release|ARM.ActiveCfg = Release|x64
		{8BF69E93-A65E-4E19-97A3-7824406B22FF}.Release|ARM.Build.0 = Release|x64
		{8BF69E93-A65E-4E19-97A3-7824406B22FF}.Release|ARM.Deploy.0 = Release|x64
		{8BF69E93-A65E-4E19-97A3-7824406B22FF}.Release|arm64.ActiveCfg = Release|arm64
		{8BF69E93-A65E-4E19-97A3-7824406B22FF}.Release|arm64.Build.0 = Release|arm64
		{8BF69E93-A65E-4E19-97A3-7824406B22FF}.Release|arm64.Deploy.0 = Release|arm64
		{8BF69E93-A65E-4E19-97A3-7824406B22FF}.Release|Win32.ActiveCfg = Release|Win32
		{8BF69E93-A65E-4E19-97A3-7824406B22FF}.Release|x64.ActiveCfg = Release|x64
		{8BF69E93-A65E-4E19-97A3-7824406B22FF}.Release|x64.Build.0 = Release|x64
		{8BF69E93-A65E-4E19-97A3-7824406B22FF}.Release|x64.Deploy.0 = Release|x64
		{8BF69E93-A65E-4E19-97A3-7824406B22FF}.Release|x86.ActiveCfg = Release|Win32
		{8BF69E93-A65E-4E19-97A3-7824406B22FF}.Release|x86.Build.0 = Release|Win32
		{8BF69E93-A65E-4E19-97A3-7824406B22FF}.Release|x86.Deploy.0 = Release|Win32
		{E510FCF9-5483-4654-B642-3B1F5C2AD68F}.Debug|Any CPU.ActiveCfg = Debug|x64
		{E510FCF9-5483-4654-B642-3B1F5C2AD68F}.Debug|Any CPU.Build.0 = Debug|x64
		{E510FCF9-5483-4654-B642-3B1F5C2AD68F}.Debug|ARM.ActiveCfg = Debug|x64
		{E510FCF9-5483-4654-B642-3B1F5C2AD68F}.Debug|ARM.Build.0 = Debug|x64
		{E510FCF9-5483-4654-B642-3B1F5C2AD68F}.Debug|arm64.ActiveCfg = Debug|x64
		{E510FCF9-5483-4654-B642-3B1F5C2AD68F}.Debug|arm64.Build.0 = Debug|x64
		{E510FCF9-5483-4654-B642-3B1F5C2AD68F}.Debug|Win32.ActiveCfg = Debug|Win32
		{E510FCF9-5483-4654-B642-3B1F5C2AD68F}.Debug|x64.ActiveCfg = Debug|x64
		{E510FCF9-5483-4654-B642-3B1F5C2AD68F}.Debug|x64.Build.0 = Debug|x64
		{E510FCF9-5483-4654-B642-3B1F5C2AD68F}.Debug|x86.ActiveCfg = Debug|Win32
		{E510FCF9-5483-4654-B642-3B1F5C2AD68F}.Debug|x86.Build.0 = Debug|Win32
		{E510FCF9-5483-4654-B642-3B1F5C2AD68F}.Release|Any CPU.ActiveCfg = Release|x64
		{E510FCF9-5483-4654-B642-3B1F5C2AD68F}.Release|Any CPU.Build.0 = Release|x64
		{E510FCF9-5483-4654-B642-3B1F5C2AD68F}.Release|ARM.ActiveCfg = Release|x64
		{E510FCF9-5483-4654-B642-3B1F5C2AD68F}.Release|ARM.Build.0 = Release|x64
		{E510FCF9-5483-4654-B642-3B1F5C2AD68F}.Release|arm64.ActiveCfg = Release|x64
		{E510FCF9-5483-4654-B642-3B1F5C2AD68F}.Release|arm64.Build.0 = Release|x64
		{E510FCF9-5483-4654-B642-3B1F5C2AD68F}.Release|Win32.ActiveCfg = Release|Win32
		{E510FCF9-5483-4654-B642-3B1F5C2AD68F}.Release|x64.ActiveCfg = Release|x64
		{E510FCF9-5483-4654-B642-3B1F5C2AD68F}.Release|x64.Build.0 = Release|x64
		{E510FCF9-5483-4654-B642-3B1F5C2AD68F}.Release|x86.ActiveCfg = Release|Win32
		{E510FCF9-5483-4654-B642-3B1F5C2AD68F}.Release|x86.Build.0 = Release|Win32
		{CCE92E1F-1020-4C07-A44E-85F5159A17EE}.Debug|Any CPU.ActiveCfg = Debug|x64
		{CCE92E1F-1020-4C07-A44E-85F5159A17EE}.Debug|Any CPU.Build.0 = Debug|x64
		{CCE92E1F-1020-4C07-A44E-85F5159A17EE}.Debug|Any CPU.Deploy.0 = Debug|x64
		{CCE92E1F-1020-4C07-A44E-85F5159A17EE}.Debug|ARM.ActiveCfg = Debug|x64
		{CCE92E1F-1020-4C07-A44E-85F5159A17EE}.Debug|ARM.Build.0 = Debug|x64
		{CCE92E1F-1020-4C07-A44E-85F5159A17EE}.Debug|ARM.Deploy.0 = Debug|x64
		{CCE92E1F-1020-4C07-A44E-85F5159A17EE}.Debug|arm64.ActiveCfg = Debug|arm64
		{CCE92E1F-1020-4C07-A44E-85F5159A17EE}.Debug|arm64.Build.0 = Debug|arm64
		{CCE92E1F-1020-4C07-A44E-85F5159A17EE}.Debug|arm64.Deploy.0 = Debug|arm64
		{CCE92E1F-1020-4C07-A44E-85F5159A17EE}.Debug|Win32.ActiveCfg = Debug|Win32
		{CCE92E1F-1020-4C07-A44E-85F5159A17EE}.Debug|x64.ActiveCfg = Debug|x64
		{CCE92E1F-1020-4C07-A44E-85F5159A17EE}.Debug|x64.Build.0 = Debug|x64
		{CCE92E1F-1020-4C07-A44E-85F5159A17EE}.Debug|x64.Deploy.0 = Debug|x64
		{CCE92E1F-1020-4C07-A44E-85F5159A17EE}.Debug|x86.ActiveCfg = Debug|Win32
		{CCE92E1F-1020-4C07-A44E-85F5159A17EE}.Debug|x86.Build.0 = Debug|Win32
		{CCE92E1F-1020-4C07-A44E-85F5159A17EE}.Debug|x86.Deploy.0 = Debug|Win32
		{CCE92E1F-1020-4C07-A44E-85F5159A17EE}.Release|Any CPU.ActiveCfg = Release|x64
		{CCE92E1F-1020-4C07-A44E-85F5159A17EE}.Release|Any CPU.Build.0 = Release|x64
		{CCE92E1F-1020-4C07-A44E-85F5159A17EE}.Release|Any CPU.Deploy.0 = Release|x64
		{CCE92E1F-1020-4C07-A44E-85F5159A17EE}.Release|ARM.ActiveCfg = Release|x64
		{CCE92E1F-1020-4C07-A44E-85F5159A17EE}.Release|ARM.Build.0 = Release|x64
		{CCE92E1F-1020-4C07-A44E-85F5159A17EE}.Release|ARM.Deploy.0 = Release|x64
		{CCE92E1F-1020-4C07-A44E-85F5159A17EE}.Release|arm64.ActiveCfg = Release|arm64
		{CCE92E1F-1020-4C07-A44E-85F5159A17EE}.Release|arm64.Build.0 = Release|arm64
		{CCE92E1F-1020-4C07-A44E-85F5159A17EE}.Release|arm64.Deploy.0 = Release|arm64
		{CCE92E1F-1020-4C07-A44E-85F5159A17EE}.Release|Win32.ActiveCfg = Release|Win32
		{CCE92E1F-1020-4C07-A44E-85F5159A17EE}.Release|x64.ActiveCfg = Release|x64
		{CCE92E1F-1020-4C07-A44E-85F5159A17EE}.Release|x64.Build.0 = Release|x64
		{CCE92E1F-1020-4C07-A44E-85F5159A17EE}.Release|x64.Deploy.0 = Release|x64
		{CCE92E1F-1020-4C07-A44E-85F5159A17EE}.Release|x86.ActiveCfg = Release|Win32
		{CCE92E1F-1020-4C07-A44E-85F5159A17EE}.Release|x86.Build.0 = Release|Win32
		{CCE92E1F-1020-4C07-A44E-85F5159A17EE}.Release|x86.Deploy.0 = Release|Win32
		{5B99CD8B-BB8C-424C-BAC6-0EFAE532D92C}.Debug|Any CPU.ActiveCfg = Debug|x64
		{5B99CD8B-BB8C-424C-BAC6-0EFAE532D92C}.Debug|Any CPU.Build.0 = Debug|x64
		{5B99CD8B-BB8C-424C-BAC6-0EFAE532D92C}.Debug|Any CPU.Deploy.0 = Debug|x64
		{5B99CD8B-BB8C-424C-BAC6-0EFAE532D92C}.Debug|ARM.ActiveCfg = Debug|x64
		{5B99CD8B-BB8C-424C-BAC6-0EFAE532D92C}.Debug|ARM.Build.0 = Debug|x64
		{5B99CD8B-BB8C-424C-BAC6-0EFAE532D92C}.Debug|ARM.Deploy.0 = Debug|x64
		{5B99CD8B-BB8C-424C-BAC6-0EFAE532D92C}.Debug|arm64.ActiveCfg = Debug|arm64
		{5B99CD8B-BB8C-424C-BAC6-0EFAE532D92C}.Debug|arm64.Build.0 = Debug|arm64
		{5B99CD8B-BB8C-424C-BAC6-0EFAE532D92C}.Debug|arm64.Deploy.0 = Debug|arm64
		{5B99CD8B-BB8C-424C-BAC6-0EFAE532D92C}.Debug|Win32.ActiveCfg = Debug|Win32
		{5B99CD8B-BB8C-424C-BAC6-0EFAE532D92C}.Debug|x64.ActiveCfg = Debug|x64
		{5B99CD8B-BB8C-424C-BAC6-0EFAE532D92C}.Debug|x64.Build.0 = Debug|x64
		{5B99CD8B-BB8C-424C-BAC6-0EFAE532D92C}.Debug|x64.Deploy.0 = Debug|x64
		{5B99CD8B-BB8C-424C-BAC6-0EFAE532D92C}.Debug|x86.ActiveCfg = Debug|Win32
		{5B99CD8B-BB8C-424C-BAC6-0EFAE532D92C}.Debug|x86.Build.0 = Debug|Win32
		{5B99CD8B-BB8C-424C-BAC6-0EFAE532D92C}.Debug|x86.Deploy.0 = Debug|Win32
		{5B99CD8B-BB8C-424C-BAC6-0EFAE532D92C}.Release|Any CPU.ActiveCfg = Release|x64
		{5B99CD8B-BB8C-424C-BAC6-0EFAE532D92C}.Release|Any CPU.Build.0 = Release|x64
		{5B99CD8B-BB8C-424C-BAC6-0EFAE532D92C}.Release|Any CPU.Deploy.0 = Release|x64
		{5B99CD8B-BB8C-424C-BAC6-0EFAE532D92C}.Release|ARM.ActiveCfg = Release|x64
		{5B99CD8B-BB8C-424C-BAC6-0EFAE532D92C}.Release|ARM.Build.0 = Release|x64
		{5B99CD8B-BB8C-424C-BAC6-0EFAE532D92C}.Release|ARM.Deploy.0 = Release|x64
		{5B99CD8B-BB8C-424C-BAC6-0EFAE532D92C}.Release|arm64.ActiveCfg = Release|arm64
		{5B99CD8B-BB8C-424C-BAC6-0EFAE532D92C}.Release|arm64.Build.0 = Release|arm64
		{5B99CD8B-BB8C-424C-BAC6-0EFAE532D92C}.Release|arm64.Deploy.0 = Release|arm64
		{5B99CD8B-BB8C-424C-BAC6-0EFAE532D92C}.Release|Win32.ActiveCfg = Release|Win32
		{5B99CD8B-BB8C-424C-BAC6-0EFAE532D92C}.Release|x64.ActiveCfg = Release|x64
		{5B99CD8B-BB8C-424C-BAC6-0EFAE532D92C}.Release|x64.Build.0 = Release|x64
		{5B99CD8B-BB8C-424C-BAC6-0EFAE532D92C}.Release|x64.Deploy.0 = Release|x64
		{5B99CD8B-BB8C-424C-BAC6-0EFAE532D92C}.Release|x86.ActiveCfg = Release|Win32
		{5B99CD8B-BB8C-424C-BAC6-0EFAE532D92C}.Release|x86.Build.0 = Release|Win32
		{5B99CD8B-BB8C-424C-BAC6-0EFAE532D92C}.Release|x86.Deploy.0 = Release|Win32
		{DEEAF4E4-6298-45B1-8CD5-B47278520D9F}.Debug|Any CPU.ActiveCfg = Debug|Any CPU
		{DEEAF4E4-6298-45B1-8CD5-B47278520D9F}.Debug|Any CPU.Build.0 = Debug|Any CPU
		{DEEAF4E4-6298-45B1-8CD5-B47278520D9F}.Debug|ARM.ActiveCfg = Debug|Any CPU
		{DEEAF4E4-6298-45B1-8CD5-B47278520D9F}.Debug|ARM.Build.0 = Debug|Any CPU
		{DEEAF4E4-6298-45B1-8CD5-B47278520D9F}.Debug|arm64.ActiveCfg = Debug|Any CPU
		{DEEAF4E4-6298-45B1-8CD5-B47278520D9F}.Debug|arm64.Build.0 = Debug|Any CPU
		{DEEAF4E4-6298-45B1-8CD5-B47278520D9F}.Debug|Win32.ActiveCfg = Debug|Any CPU
		{DEEAF4E4-6298-45B1-8CD5-B47278520D9F}.Debug|x64.ActiveCfg = Debug|Any CPU
		{DEEAF4E4-6298-45B1-8CD5-B47278520D9F}.Debug|x64.Build.0 = Debug|Any CPU
		{DEEAF4E4-6298-45B1-8CD5-B47278520D9F}.Debug|x86.ActiveCfg = Debug|Any CPU
		{DEEAF4E4-6298-45B1-8CD5-B47278520D9F}.Debug|x86.Build.0 = Debug|Any CPU
		{DEEAF4E4-6298-45B1-8CD5-B47278520D9F}.Release|Any CPU.ActiveCfg = Release|Any CPU
		{DEEAF4E4-6298-45B1-8CD5-B47278520D9F}.Release|Any CPU.Build.0 = Release|Any CPU
		{DEEAF4E4-6298-45B1-8CD5-B47278520D9F}.Release|ARM.ActiveCfg = Release|Any CPU
		{DEEAF4E4-6298-45B1-8CD5-B47278520D9F}.Release|ARM.Build.0 = Release|Any CPU
		{DEEAF4E4-6298-45B1-8CD5-B47278520D9F}.Release|arm64.ActiveCfg = Release|Any CPU
		{DEEAF4E4-6298-45B1-8CD5-B47278520D9F}.Release|arm64.Build.0 = Release|Any CPU
		{DEEAF4E4-6298-45B1-8CD5-B47278520D9F}.Release|Win32.ActiveCfg = Release|Any CPU
		{DEEAF4E4-6298-45B1-8CD5-B47278520D9F}.Release|x64.ActiveCfg = Release|Any CPU
		{DEEAF4E4-6298-45B1-8CD5-B47278520D9F}.Release|x64.Build.0 = Release|Any CPU
		{DEEAF4E4-6298-45B1-8CD5-B47278520D9F}.Release|x86.ActiveCfg = Release|Any CPU
		{DEEAF4E4-6298-45B1-8CD5-B47278520D9F}.Release|x86.Build.0 = Release|Any CPU
		{CEED2234-287C-48A0-BAFD-47FC959CF103}.Debug|Any CPU.ActiveCfg = Debug|x64
		{CEED2234-287C-48A0-BAFD-47FC959CF103}.Debug|Any CPU.Build.0 = Debug|x64
		{CEED2234-287C-48A0-BAFD-47FC959CF103}.Debug|ARM.ActiveCfg = Debug|x64
		{CEED2234-287C-48A0-BAFD-47FC959CF103}.Debug|ARM.Build.0 = Debug|x64
		{CEED2234-287C-48A0-BAFD-47FC959CF103}.Debug|arm64.ActiveCfg = Debug|x64
		{CEED2234-287C-48A0-BAFD-47FC959CF103}.Debug|arm64.Build.0 = Debug|x64
		{CEED2234-287C-48A0-BAFD-47FC959CF103}.Debug|Win32.ActiveCfg = Debug|Win32
		{CEED2234-287C-48A0-BAFD-47FC959CF103}.Debug|Win32.Build.0 = Debug|Win32
		{CEED2234-287C-48A0-BAFD-47FC959CF103}.Debug|x64.ActiveCfg = Debug|x64
		{CEED2234-287C-48A0-BAFD-47FC959CF103}.Debug|x64.Build.0 = Debug|x64
		{CEED2234-287C-48A0-BAFD-47FC959CF103}.Debug|x86.ActiveCfg = Debug|Win32
		{CEED2234-287C-48A0-BAFD-47FC959CF103}.Debug|x86.Build.0 = Debug|Win32
		{CEED2234-287C-48A0-BAFD-47FC959CF103}.Release|Any CPU.ActiveCfg = Release|x64
		{CEED2234-287C-48A0-BAFD-47FC959CF103}.Release|Any CPU.Build.0 = Release|x64
		{CEED2234-287C-48A0-BAFD-47FC959CF103}.Release|ARM.ActiveCfg = Release|x64
		{CEED2234-287C-48A0-BAFD-47FC959CF103}.Release|ARM.Build.0 = Release|x64
		{CEED2234-287C-48A0-BAFD-47FC959CF103}.Release|arm64.ActiveCfg = Release|x64
		{CEED2234-287C-48A0-BAFD-47FC959CF103}.Release|arm64.Build.0 = Release|x64
		{CEED2234-287C-48A0-BAFD-47FC959CF103}.Release|Win32.ActiveCfg = Release|Win32
		{CEED2234-287C-48A0-BAFD-47FC959CF103}.Release|Win32.Build.0 = Release|Win32
		{CEED2234-287C-48A0-BAFD-47FC959CF103}.Release|x64.ActiveCfg = Release|x64
		{CEED2234-287C-48A0-BAFD-47FC959CF103}.Release|x64.Build.0 = Release|x64
		{CEED2234-287C-48A0-BAFD-47FC959CF103}.Release|x86.ActiveCfg = Release|Win32
		{CEED2234-287C-48A0-BAFD-47FC959CF103}.Release|x86.Build.0 = Release|Win32
		{83201796-E6B6-40CB-A45D-A0646D0181D0}.Debug|Any CPU.ActiveCfg = Debug|x64
		{83201796-E6B6-40CB-A45D-A0646D0181D0}.Debug|Any CPU.Build.0 = Debug|x64
		{83201796-E6B6-40CB-A45D-A0646D0181D0}.Debug|Any CPU.Deploy.0 = Debug|x64
		{83201796-E6B6-40CB-A45D-A0646D0181D0}.Debug|ARM.ActiveCfg = Debug|x64
		{83201796-E6B6-40CB-A45D-A0646D0181D0}.Debug|ARM.Build.0 = Debug|x64
		{83201796-E6B6-40CB-A45D-A0646D0181D0}.Debug|ARM.Deploy.0 = Debug|x64
		{83201796-E6B6-40CB-A45D-A0646D0181D0}.Debug|arm64.ActiveCfg = Debug|arm64
		{83201796-E6B6-40CB-A45D-A0646D0181D0}.Debug|arm64.Build.0 = Debug|arm64
		{83201796-E6B6-40CB-A45D-A0646D0181D0}.Debug|arm64.Deploy.0 = Debug|arm64
		{83201796-E6B6-40CB-A45D-A0646D0181D0}.Debug|Win32.ActiveCfg = Debug|Win32
		{83201796-E6B6-40CB-A45D-A0646D0181D0}.Debug|Win32.Build.0 = Debug|Win32
		{83201796-E6B6-40CB-A45D-A0646D0181D0}.Debug|Win32.Deploy.0 = Debug|Win32
		{83201796-E6B6-40CB-A45D-A0646D0181D0}.Debug|x64.ActiveCfg = Debug|x64
		{83201796-E6B6-40CB-A45D-A0646D0181D0}.Debug|x64.Build.0 = Debug|x64
		{83201796-E6B6-40CB-A45D-A0646D0181D0}.Debug|x64.Deploy.0 = Debug|x64
		{83201796-E6B6-40CB-A45D-A0646D0181D0}.Debug|x86.ActiveCfg = Debug|Win32
		{83201796-E6B6-40CB-A45D-A0646D0181D0}.Debug|x86.Build.0 = Debug|Win32
		{83201796-E6B6-40CB-A45D-A0646D0181D0}.Debug|x86.Deploy.0 = Debug|Win32
		{83201796-E6B6-40CB-A45D-A0646D0181D0}.Release|Any CPU.ActiveCfg = Release|x64
		{83201796-E6B6-40CB-A45D-A0646D0181D0}.Release|Any CPU.Build.0 = Release|x64
		{83201796-E6B6-40CB-A45D-A0646D0181D0}.Release|Any CPU.Deploy.0 = Release|x64
		{83201796-E6B6-40CB-A45D-A0646D0181D0}.Release|ARM.ActiveCfg = Release|x64
		{83201796-E6B6-40CB-A45D-A0646D0181D0}.Release|ARM.Build.0 = Release|x64
		{83201796-E6B6-40CB-A45D-A0646D0181D0}.Release|ARM.Deploy.0 = Release|x64
		{83201796-E6B6-40CB-A45D-A0646D0181D0}.Release|arm64.ActiveCfg = Release|arm64
		{83201796-E6B6-40CB-A45D-A0646D0181D0}.Release|arm64.Build.0 = Release|arm64
		{83201796-E6B6-40CB-A45D-A0646D0181D0}.Release|arm64.Deploy.0 = Release|arm64
		{83201796-E6B6-40CB-A45D-A0646D0181D0}.Release|Win32.ActiveCfg = Release|Win32
		{83201796-E6B6-40CB-A45D-A0646D0181D0}.Release|Win32.Build.0 = Release|Win32
		{83201796-E6B6-40CB-A45D-A0646D0181D0}.Release|Win32.Deploy.0 = Release|Win32
		{83201796-E6B6-40CB-A45D-A0646D0181D0}.Release|x64.ActiveCfg = Release|x64
		{83201796-E6B6-40CB-A45D-A0646D0181D0}.Release|x64.Build.0 = Release|x64
		{83201796-E6B6-40CB-A45D-A0646D0181D0}.Release|x64.Deploy.0 = Release|x64
		{83201796-E6B6-40CB-A45D-A0646D0181D0}.Release|x86.ActiveCfg = Release|Win32
		{83201796-E6B6-40CB-A45D-A0646D0181D0}.Release|x86.Build.0 = Release|Win32
		{83201796-E6B6-40CB-A45D-A0646D0181D0}.Release|x86.Deploy.0 = Release|Win32
	EndGlobalSection
	GlobalSection(SolutionProperties) = preSolution
		HideSolutionNode = FALSE
	EndGlobalSection
	GlobalSection(NestedProjects) = preSolution
		{2CFA1B51-47B5-411C-B9AC-022541EF51EF} = {85ACE094-97D0-43D5-99FD-1802525C6D3A}
		{8BF69E93-A65E-4E19-97A3-7824406B22FF} = {85ACE094-97D0-43D5-99FD-1802525C6D3A}
		{CCE92E1F-1020-4C07-A44E-85F5159A17EE} = {85ACE094-97D0-43D5-99FD-1802525C6D3A}
		{5B99CD8B-BB8C-424C-BAC6-0EFAE532D92C} = {522E5B15-1551-4C39-BC69-5B5E2D6F06A3}
		{DEEAF4E4-6298-45B1-8CD5-B47278520D9F} = {522E5B15-1551-4C39-BC69-5B5E2D6F06A3}
		{83201796-E6B6-40CB-A45D-A0646D0181D0} = {522E5B15-1551-4C39-BC69-5B5E2D6F06A3}
	EndGlobalSection
	GlobalSection(ExtensibilityGlobals) = postSolution
		SolutionGuid = {8C16DE94-3685-45D8-A0C8-E653F74C95AB}
	EndGlobalSection
EndGlobal
