<?xml version="1.0" encoding="utf-8"?>
<Project ToolsVersion="4.0" xmlns="http://schemas.microsoft.com/developer/msbuild/2003">
  <ItemGroup>
    <Filter Include="Source Files">
      <UniqueIdentifier>{4FC737F1-C7A5-4376-A066-2A32D752A2FF}</UniqueIdentifier>
      <Extensions>cpp;c;cc;cxx;c++;cppm;ixx;def;odl;idl;hpj;bat;asm;asmx</Extensions>
    </Filter>
    <Filter Include="Header Files">
      <UniqueIdentifier>{93995380-89BD-4b04-88EB-625FBE52EBFB}</UniqueIdentifier>
      <Extensions>h;hh;hpp;hxx;h++;hm;inl;inc;ipp;xsd</Extensions>
    </Filter>
    <Filter Include="Resource Files">
      <UniqueIdentifier>{67DA6AB6-F800-4c08-8B7A-83BB121AAD01}</UniqueIdentifier>
      <Extensions>rc;ico;cur;bmp;dlg;rc2;rct;bin;rgs;gif;jpg;jpeg;jpe;resx;tiff;tif;png;wav;mfcribbon-ms</Extensions>
    </Filter>
  </ItemGroup>
  <ItemGroup>
    <ClInclude Include="Helpers.h">
      <Filter>Header Files</Filter>
    </ClInclude>
    <ClInclude Include="Main.h">
      <Filter>Header Files</Filter>
    </ClInclude>
    <ClInclude Include="MainWindow.h">
      <Filter>Header Files</Filter>
    </ClInclude>
    <ClInclude Include="TextRenderer.h">
      <Filter>Header Files</Filter>
    </ClInclude>
    <ClInclude Include="Scenario_BasicTextLayout.h">
      <Filter>Header Files</Filter>
    </ClInclude>
    <ClInclude Include="ChildWindow.h">
      <Filter>Header Files</Filter>
    </ClInclude>
    <ClInclude Include="MarkdownWindow.h">
      <Filter>Header Files</Filter>
    </ClInclude>
    <ClInclude Include="ListWindow.h">
      <Filter>Header Files</Filter>
    </ClInclude>
    <ClInclude Include="FontFamilyListWindow.h">
      <Filter>Header Files</Filter>
    </ClInclude>
    <ClInclude Include="StaticTextWindow.h">
      <Filter>Header Files</Filter>
    </ClInclude>
    <ClInclude Include="FontCollectionWindow.h">
      <Filter>Header Files</Filter>
    </ClInclude>
    <ClInclude Include="SplitWindow.h">
      <Filter>Header Files</Filter>
    </ClInclude>
    <ClInclude Include="Scenario_FontCollection.h">
      <Filter>Header Files</Filter>
    </ClInclude>
    <ClInclude Include="CustomFontCollection.h">
      <Filter>Header Files</Filter>
    </ClInclude>
    <ClInclude Include="ResourceFontFileLoader.h">
      <Filter>Header Files</Filter>
    </ClInclude>
    <ClInclude Include="FontFaceListWindow.h">
      <Filter>Header Files</Filter>
    </ClInclude>
    <ClInclude Include="Resource.h">
      <Filter>Resource Files</Filter>
    </ClInclude>
  </ItemGroup>
  <ItemGroup>
    <Image Include="App.ico">
      <Filter>Resource Files</Filter>
    </Image>
    <Image Include="AppSmall.ico">
      <Filter>Resource Files</Filter>
    </Image>
  </ItemGroup>
  <ItemGroup>
    <ResourceCompile Include="Resource.rc">
      <Filter>Resource Files</Filter>
    </ResourceCompile>
  </ItemGroup>
  <ItemGroup>
    <ClCompile Include="Helpers.cpp">
      <Filter>Source Files</Filter>
    </ClCompile>
    <ClCompile Include="Main.cpp">
      <Filter>Source Files</Filter>
    </ClCompile>
    <ClCompile Include="MainWindow.cpp">
      <Filter>Source Files</Filter>
    </ClCompile>
    <ClCompile Include="TextRenderer.cpp">
      <Filter>Source Files</Filter>
    </ClCompile>
    <ClCompile Include="Scenario_BasicTextLayout.cpp">
      <Filter>Source Files</Filter>
    </ClCompile>
    <ClCompile Include="ChildWindow.cpp">
      <Filter>Source Files</Filter>
    </ClCompile>
    <ClCompile Include="MarkdownWindow.cpp">
      <Filter>Source Files</Filter>
    </ClCompile>
    <ClCompile Include="ListWindow.cpp">
      <Filter>Source Files</Filter>
    </ClCompile>
    <ClCompile Include="FontFamilyListWindow.cpp">
      <Filter>Source Files</Filter>
    </ClCompile>
    <ClCompile Include="StaticTextWindow.cpp">
      <Filter>Source Files</Filter>
    </ClCompile>
    <ClCompile Include="FontCollectionWindow.cpp">
      <Filter>Source Files</Filter>
    </ClCompile>
    <ClCompile Include="SplitWindow.cpp">
      <Filter>Source Files</Filter>
    </ClCompile>
    <ClCompile Include="Scenario_FontCollection.cpp">
      <Filter>Source Files</Filter>
    </ClCompile>
    <ClCompile Include="CustomFontCollection.cpp">
      <Filter>Source Files</Filter>
    </ClCompile>
    <ClCompile Include="ResourceFontFileLoader.cpp">
      <Filter>Source Files</Filter>
    </ClCompile>
    <ClCompile Include="Scenario_OpticalSize.cpp">
      <Filter>Source Files</Filter>
    </ClCompile>
    <ClCompile Include="FontFaceListWindow.cpp">
      <Filter>Source Files</Filter>
    </ClCompile>
  </ItemGroup>
  <ItemGroup>
    <None Include="packages.config" />
    <None Include="SystemFontCollectionTypo.md">
      <Filter>Resource Files</Filter>
    </None>
    <None Include="SystemFontCollectionWss.md">
      <Filter>Resource Files</Filter>
    </None>
    <None Include="CustomFontCollection.md">
      <Filter>Resource Files</Filter>
    </None>
    <None Include="OpticalSize.md">
      <Filter>Resource Files</Filter>
    </None>
    <None Include="Introduction.md">
      <Filter>Resource Files</Filter>
    </None>
  </ItemGroup>
  <ItemGroup>
    <Manifest Include="DWriteCoreGallery.exe.manifest">
      <Filter>Resource Files</Filter>
    </Manifest>
  </ItemGroup>
</Project>